// !$*UTF8*$!
{
	archiveVersion = 1;
	classes = {
	};
	objectVersion = 46;
	objects = {

/* Begin PBXAggregateTarget section */
		FFB8CB7A1642732B00D43C8F /* ModelKit Documentation */ = {
			isa = PBXAggregateTarget;
			buildConfigurationList = FFB8CB7B1642732B00D43C8F /* Build configuration list for PBXAggregateTarget "ModelKit Documentation" */;
			buildPhases = (
				FFB8CB7E1642733500D43C8F /* ShellScript */,
			);
			dependencies = (
			);
			name = "ModelKit Documentation";
			productName = "ModelKit Documentation";
		};
/* End PBXAggregateTarget section */

/* Begin PBXBuildFile section */
		FF3C8CB5163936B0009EB62A /* MKitModel.m in Sources */ = {isa = PBXBuildFile; fileRef = FF3C8CB4163936B0009EB62A /* MKitModel.m */; };
		FF3C8CC116393793009EB62A /* libAFNetworkingStatic.a in Frameworks */ = {isa = PBXBuildFile; fileRef = FF3C8CBE16393789009EB62A /* libAFNetworkingStatic.a */; };
		FF3C8CC7163937CC009EB62A /* CoreGraphics.framework in Frameworks */ = {isa = PBXBuildFile; fileRef = FF3C8CC2163937CC009EB62A /* CoreGraphics.framework */; };
		FF3C8CC8163937CC009EB62A /* CoreLocation.framework in Frameworks */ = {isa = PBXBuildFile; fileRef = FF3C8CC3163937CC009EB62A /* CoreLocation.framework */; };
		FF3C8CC9163937CC009EB62A /* MobileCoreServices.framework in Frameworks */ = {isa = PBXBuildFile; fileRef = FF3C8CC4163937CC009EB62A /* MobileCoreServices.framework */; };
		FF3C8CCA163937CC009EB62A /* Security.framework in Frameworks */ = {isa = PBXBuildFile; fileRef = FF3C8CC5163937CC009EB62A /* Security.framework */; };
		FF3C8CCB163937CC009EB62A /* SystemConfiguration.framework in Frameworks */ = {isa = PBXBuildFile; fileRef = FF3C8CC6163937CC009EB62A /* SystemConfiguration.framework */; };
		FF3C8D3F1639409B009EB62A /* MKitReflectionManager.m in Sources */ = {isa = PBXBuildFile; fileRef = FF3C8D3E1639409B009EB62A /* MKitReflectionManager.m */; };
		FF3C8D42163940AC009EB62A /* MKitReflectedProperty.m in Sources */ = {isa = PBXBuildFile; fileRef = FF3C8D41163940AC009EB62A /* MKitReflectedProperty.m */; };
		FF3C8D45163940B9009EB62A /* MKitReflectedClass.m in Sources */ = {isa = PBXBuildFile; fileRef = FF3C8D44163940B9009EB62A /* MKitReflectedClass.m */; };
		FF3C8D5E16396082009EB62A /* MKitModelRegistry.m in Sources */ = {isa = PBXBuildFile; fileRef = FF3C8D5D16396082009EB62A /* MKitModelRegistry.m */; };
		FFA3DE7D163E785400D2D855 /* MKitServiceManager.m in Sources */ = {isa = PBXBuildFile; fileRef = FFA3DE7C163E785400D2D855 /* MKitServiceManager.m */; };
		FFA3DEAA163F1A9800D2D855 /* NSString+ModelKit.m in Sources */ = {isa = PBXBuildFile; fileRef = FFA3DEA9163F1A9800D2D855 /* NSString+ModelKit.m */; };
		FFA54AA116391DEA00F055A6 /* Foundation.framework in Frameworks */ = {isa = PBXBuildFile; fileRef = FFA54AA016391DEA00F055A6 /* Foundation.framework */; };
		FFB8CB6F1641A5AA00D43C8F /* MKitParseModel.m in Sources */ = {isa = PBXBuildFile; fileRef = FFB8CB6E1641A5AA00D43C8F /* MKitParseModel.m */; };
		FFB8CB751641A6AC00D43C8F /* MKitModel+Parse.m in Sources */ = {isa = PBXBuildFile; fileRef = FFB8CB721641A6AC00D43C8F /* MKitModel+Parse.m */; };
		FFB8CB761641A6AC00D43C8F /* MKitMutableModelArray+Parse.m in Sources */ = {isa = PBXBuildFile; fileRef = FFB8CB741641A6AC00D43C8F /* MKitMutableModelArray+Parse.m */; };
		FFB8CBA51642855800D43C8F /* MKitParseModelQuery.m in Sources */ = {isa = PBXBuildFile; fileRef = FFB8CBA41642855800D43C8F /* MKitParseModelQuery.m */; };
		FFB8CBA81642927100D43C8F /* MKitServiceModelQuery.m in Sources */ = {isa = PBXBuildFile; fileRef = FFB8CBA71642927100D43C8F /* MKitServiceModelQuery.m */; };
		FFB8CBAB1642928600D43C8F /* MKitServiceModel.m in Sources */ = {isa = PBXBuildFile; fileRef = FFB8CBAA1642928600D43C8F /* MKitServiceModel.m */; };
		FFB8CBAE164292C500D43C8F /* MKitParseServiceManager.m in Sources */ = {isa = PBXBuildFile; fileRef = FFB8CBAD164292C400D43C8F /* MKitParseServiceManager.m */; };
		FFB8CBB316429A4E00D43C8F /* MKitParseModelBinder.m in Sources */ = {isa = PBXBuildFile; fileRef = FFB8CBB216429A4E00D43C8F /* MKitParseModelBinder.m */; };
		FFB8CBB61643A6B000D43C8F /* MKitModelQuery.m in Sources */ = {isa = PBXBuildFile; fileRef = FFB8CBB51643A6B000D43C8F /* MKitModelQuery.m */; };
		FFB8CBBA1643A95200D43C8F /* MKitModelPredicateQuery.m in Sources */ = {isa = PBXBuildFile; fileRef = FFB8CBB91643A95200D43C8F /* MKitModelPredicateQuery.m */; };
		FFBA0D26163D23EE00B6560C /* MKitTC0001ContextTestCases.m in Sources */ = {isa = PBXBuildFile; fileRef = FFBA0D25163D23EE00B6560C /* MKitTC0001ContextTestCases.m */; };
		FFBA0D29163D24C100B6560C /* TestModelNoContext.m in Sources */ = {isa = PBXBuildFile; fileRef = FFBA0D28163D24C100B6560C /* TestModelNoContext.m */; };
		FFBA0D2C163D254E00B6560C /* libModelKit.a in Frameworks */ = {isa = PBXBuildFile; fileRef = FFA54A9D16391DEA00F055A6 /* libModelKit.a */; };
		FFBA0D32163D5B1F00B6560C /* TestModel.m in Sources */ = {isa = PBXBuildFile; fileRef = FFBA0D31163D5B1F00B6560C /* TestModel.m */; };
		FFBA0D35163D709C00B6560C /* MKitTC0002ModelTestCases.m in Sources */ = {isa = PBXBuildFile; fileRef = FFBA0D34163D709C00B6560C /* MKitTC0002ModelTestCases.m */; };
		FFBA0D36163DB3E700B6560C /* CoreLocation.framework in Frameworks */ = {isa = PBXBuildFile; fileRef = FF3C8CC3163937CC009EB62A /* CoreLocation.framework */; };
		FFBA0D37163DB3E700B6560C /* MobileCoreServices.framework in Frameworks */ = {isa = PBXBuildFile; fileRef = FF3C8CC4163937CC009EB62A /* MobileCoreServices.framework */; };
		FFBA0D38163DB3E700B6560C /* Security.framework in Frameworks */ = {isa = PBXBuildFile; fileRef = FF3C8CC5163937CC009EB62A /* Security.framework */; };
		FFBA0D39163DB3E700B6560C /* SystemConfiguration.framework in Frameworks */ = {isa = PBXBuildFile; fileRef = FF3C8CC6163937CC009EB62A /* SystemConfiguration.framework */; };
		FFBA0D3A163DB3E700B6560C /* CoreGraphics.framework in Frameworks */ = {isa = PBXBuildFile; fileRef = FF3C8CC2163937CC009EB62A /* CoreGraphics.framework */; };
		FFBA0D3D163DB3E700B6560C /* CFNetwork.framework in Frameworks */ = {isa = PBXBuildFile; fileRef = FFBA0D3B163DB3E700B6560C /* CFNetwork.framework */; };
		FFBA0D3E163DB3E700B6560C /* UIKit.framework in Frameworks */ = {isa = PBXBuildFile; fileRef = FFBA0D3C163DB3E700B6560C /* UIKit.framework */; };
		FFBA0D41163DBB5D00B6560C /* MKitMutableOrderedDictionary.m in Sources */ = {isa = PBXBuildFile; fileRef = FFBA0D40163DBB5D00B6560C /* MKitMutableOrderedDictionary.m */; };
		FFBA0D44163DBEAB00B6560C /* MKitTC0000FoundationTestCases.m in Sources */ = {isa = PBXBuildFile; fileRef = FFBA0D43163DBEAB00B6560C /* MKitTC0000FoundationTestCases.m */; };
		FFCFA9F11639732500BC2E3E /* MKitModelContext.m in Sources */ = {isa = PBXBuildFile; fileRef = FFCFA9F01639732500BC2E3E /* MKitModelContext.m */; };
		FFCFAA21163A7DD800BC2E3E /* JSONKit.m in Sources */ = {isa = PBXBuildFile; fileRef = FFCFAA20163A7DD800BC2E3E /* JSONKit.m */; };
		FFCFAA2F163A837300BC2E3E /* ISO8601DateFormatter.m in Sources */ = {isa = PBXBuildFile; fileRef = FFCFAA2E163A837300BC2E3E /* ISO8601DateFormatter.m */; };
		FFCFAA33163A83C800BC2E3E /* NSDate+ModelKit.m in Sources */ = {isa = PBXBuildFile; fileRef = FFCFAA32163A83C800BC2E3E /* NSDate+ModelKit.m */; };
		FFCFAA42163AC39000BC2E3E /* MKitMutableModelArray.m in Sources */ = {isa = PBXBuildFile; fileRef = FFCFAA41163AC39000BC2E3E /* MKitMutableModelArray.m */; };
		FFCFAA82163C655C00BC2E3E /* SenTestingKit.framework in Frameworks */ = {isa = PBXBuildFile; fileRef = FFCFAA6A163C642800BC2E3E /* SenTestingKit.framework */; };
		FFCFAA83163C655C00BC2E3E /* UIKit.framework in Frameworks */ = {isa = PBXBuildFile; fileRef = FFCFAA6C163C642800BC2E3E /* UIKit.framework */; };
		FFCFAA84163C655C00BC2E3E /* Foundation.framework in Frameworks */ = {isa = PBXBuildFile; fileRef = FFA54AA016391DEA00F055A6 /* Foundation.framework */; };
		FFCFAA8A163C655C00BC2E3E /* InfoPlist.strings in Resources */ = {isa = PBXBuildFile; fileRef = FFCFAA88163C655C00BC2E3E /* InfoPlist.strings */; };
/* End PBXBuildFile section */

/* Begin PBXContainerItemProxy section */
		FF3C8CBD16393789009EB62A /* PBXContainerItemProxy */ = {
			isa = PBXContainerItemProxy;
			containerPortal = FF3C8CB616393788009EB62A /* AFNetworkingStatic.xcodeproj */;
			proxyType = 2;
			remoteGlobalIDString = FFA54AB916391ECB00F055A6;
			remoteInfo = AFNetworkingStatic;
		};
		FF3C8CBF1639378F009EB62A /* PBXContainerItemProxy */ = {
			isa = PBXContainerItemProxy;
			containerPortal = FF3C8CB616393788009EB62A /* AFNetworkingStatic.xcodeproj */;
			proxyType = 1;
			remoteGlobalIDString = FFA54AB816391ECB00F055A6;
			remoteInfo = AFNetworkingStatic;
		};
		FFBA0D2A163D254800B6560C /* PBXContainerItemProxy */ = {
			isa = PBXContainerItemProxy;
			containerPortal = FFA54A9416391DEA00F055A6 /* Project object */;
			proxyType = 1;
			remoteGlobalIDString = FFA54A9C16391DEA00F055A6;
			remoteInfo = CloudObject;
		};
/* End PBXContainerItemProxy section */

/* Begin PBXCopyFilesBuildPhase section */
		FFA54A9B16391DEA00F055A6 /* CopyFiles */ = {
			isa = PBXCopyFilesBuildPhase;
			buildActionMask = 2147483647;
			dstPath = "include/${PRODUCT_NAME}";
			dstSubfolderSpec = 16;
			files = (
			);
			runOnlyForDeploymentPostprocessing = 0;
		};
/* End PBXCopyFilesBuildPhase section */

/* Begin PBXFileReference section */
		FF3C8CB3163936B0009EB62A /* MKitModel.h */ = {isa = PBXFileReference; fileEncoding = 4; lastKnownFileType = sourcecode.c.h; lineEnding = 0; path = MKitModel.h; sourceTree = "<group>"; xcLanguageSpecificationIdentifier = xcode.lang.objcpp; };
		FF3C8CB4163936B0009EB62A /* MKitModel.m */ = {isa = PBXFileReference; fileEncoding = 4; lastKnownFileType = sourcecode.c.objc; lineEnding = 0; path = MKitModel.m; sourceTree = "<group>"; xcLanguageSpecificationIdentifier = xcode.lang.objc; };
		FF3C8CB616393788009EB62A /* AFNetworkingStatic.xcodeproj */ = {isa = PBXFileReference; lastKnownFileType = "wrapper.pb-project"; name = AFNetworkingStatic.xcodeproj; path = ../../External/AFNetworkingStatic/AFNetworkingStatic.xcodeproj; sourceTree = "<group>"; };
		FF3C8CC2163937CC009EB62A /* CoreGraphics.framework */ = {isa = PBXFileReference; lastKnownFileType = wrapper.framework; name = CoreGraphics.framework; path = System/Library/Frameworks/CoreGraphics.framework; sourceTree = SDKROOT; };
		FF3C8CC3163937CC009EB62A /* CoreLocation.framework */ = {isa = PBXFileReference; lastKnownFileType = wrapper.framework; name = CoreLocation.framework; path = System/Library/Frameworks/CoreLocation.framework; sourceTree = SDKROOT; };
		FF3C8CC4163937CC009EB62A /* MobileCoreServices.framework */ = {isa = PBXFileReference; lastKnownFileType = wrapper.framework; name = MobileCoreServices.framework; path = System/Library/Frameworks/MobileCoreServices.framework; sourceTree = SDKROOT; };
		FF3C8CC5163937CC009EB62A /* Security.framework */ = {isa = PBXFileReference; lastKnownFileType = wrapper.framework; name = Security.framework; path = System/Library/Frameworks/Security.framework; sourceTree = SDKROOT; };
		FF3C8CC6163937CC009EB62A /* SystemConfiguration.framework */ = {isa = PBXFileReference; lastKnownFileType = wrapper.framework; name = SystemConfiguration.framework; path = System/Library/Frameworks/SystemConfiguration.framework; sourceTree = SDKROOT; };
		FF3C8D3216393D91009EB62A /* ModelKit.h */ = {isa = PBXFileReference; lastKnownFileType = sourcecode.c.h; lineEnding = 0; path = ModelKit.h; sourceTree = "<group>"; xcLanguageSpecificationIdentifier = xcode.lang.objcpp; };
		FF3C8D3D1639409B009EB62A /* MKitReflectionManager.h */ = {isa = PBXFileReference; fileEncoding = 4; lastKnownFileType = sourcecode.c.h; lineEnding = 0; path = MKitReflectionManager.h; sourceTree = "<group>"; xcLanguageSpecificationIdentifier = xcode.lang.objcpp; };
		FF3C8D3E1639409B009EB62A /* MKitReflectionManager.m */ = {isa = PBXFileReference; fileEncoding = 4; lastKnownFileType = sourcecode.c.objc; lineEnding = 0; path = MKitReflectionManager.m; sourceTree = "<group>"; xcLanguageSpecificationIdentifier = xcode.lang.objc; };
		FF3C8D40163940AC009EB62A /* MKitReflectedProperty.h */ = {isa = PBXFileReference; fileEncoding = 4; lastKnownFileType = sourcecode.c.h; lineEnding = 0; path = MKitReflectedProperty.h; sourceTree = "<group>"; xcLanguageSpecificationIdentifier = xcode.lang.objcpp; };
		FF3C8D41163940AC009EB62A /* MKitReflectedProperty.m */ = {isa = PBXFileReference; fileEncoding = 4; lastKnownFileType = sourcecode.c.objc; lineEnding = 0; path = MKitReflectedProperty.m; sourceTree = "<group>"; xcLanguageSpecificationIdentifier = xcode.lang.objc; };
		FF3C8D43163940B9009EB62A /* MKitReflectedClass.h */ = {isa = PBXFileReference; fileEncoding = 4; lastKnownFileType = sourcecode.c.h; lineEnding = 0; path = MKitReflectedClass.h; sourceTree = "<group>"; xcLanguageSpecificationIdentifier = xcode.lang.objcpp; };
		FF3C8D44163940B9009EB62A /* MKitReflectedClass.m */ = {isa = PBXFileReference; fileEncoding = 4; lastKnownFileType = sourcecode.c.objc; lineEnding = 0; path = MKitReflectedClass.m; sourceTree = "<group>"; xcLanguageSpecificationIdentifier = xcode.lang.objc; };
		FF3C8D5C16396082009EB62A /* MKitModelRegistry.h */ = {isa = PBXFileReference; fileEncoding = 4; lastKnownFileType = sourcecode.c.h; lineEnding = 0; path = MKitModelRegistry.h; sourceTree = "<group>"; xcLanguageSpecificationIdentifier = xcode.lang.objcpp; };
		FF3C8D5D16396082009EB62A /* MKitModelRegistry.m */ = {isa = PBXFileReference; fileEncoding = 4; lastKnownFileType = sourcecode.c.objc; lineEnding = 0; path = MKitModelRegistry.m; sourceTree = "<group>"; xcLanguageSpecificationIdentifier = xcode.lang.objc; };
		FFA3DE7B163E785400D2D855 /* MKitServiceManager.h */ = {isa = PBXFileReference; fileEncoding = 4; lastKnownFileType = sourcecode.c.h; path = MKitServiceManager.h; sourceTree = "<group>"; };
		FFA3DE7C163E785400D2D855 /* MKitServiceManager.m */ = {isa = PBXFileReference; fileEncoding = 4; lastKnownFileType = sourcecode.c.objc; path = MKitServiceManager.m; sourceTree = "<group>"; };
		FFA3DEA8163F1A9800D2D855 /* NSString+ModelKit.h */ = {isa = PBXFileReference; fileEncoding = 4; lastKnownFileType = sourcecode.c.h; path = "NSString+ModelKit.h"; sourceTree = "<group>"; };
		FFA3DEA9163F1A9800D2D855 /* NSString+ModelKit.m */ = {isa = PBXFileReference; fileEncoding = 4; lastKnownFileType = sourcecode.c.objc; path = "NSString+ModelKit.m"; sourceTree = "<group>"; };
		FFA54A9D16391DEA00F055A6 /* libModelKit.a */ = {isa = PBXFileReference; explicitFileType = archive.ar; includeInIndex = 0; path = libModelKit.a; sourceTree = BUILT_PRODUCTS_DIR; };
		FFA54AA016391DEA00F055A6 /* Foundation.framework */ = {isa = PBXFileReference; lastKnownFileType = wrapper.framework; name = Foundation.framework; path = System/Library/Frameworks/Foundation.framework; sourceTree = SDKROOT; };
		FFB8CB6D1641A5AA00D43C8F /* MKitParseModel.h */ = {isa = PBXFileReference; fileEncoding = 4; lastKnownFileType = sourcecode.c.h; path = MKitParseModel.h; sourceTree = "<group>"; };
		FFB8CB6E1641A5AA00D43C8F /* MKitParseModel.m */ = {isa = PBXFileReference; fileEncoding = 4; lastKnownFileType = sourcecode.c.objc; path = MKitParseModel.m; sourceTree = "<group>"; };
		FFB8CB711641A6AC00D43C8F /* MKitModel+Parse.h */ = {isa = PBXFileReference; fileEncoding = 4; lastKnownFileType = sourcecode.c.h; path = "MKitModel+Parse.h"; sourceTree = "<group>"; };
		FFB8CB721641A6AC00D43C8F /* MKitModel+Parse.m */ = {isa = PBXFileReference; fileEncoding = 4; lastKnownFileType = sourcecode.c.objc; path = "MKitModel+Parse.m"; sourceTree = "<group>"; };
		FFB8CB731641A6AC00D43C8F /* MKitMutableModelArray+Parse.h */ = {isa = PBXFileReference; fileEncoding = 4; lastKnownFileType = sourcecode.c.h; path = "MKitMutableModelArray+Parse.h"; sourceTree = "<group>"; };
		FFB8CB741641A6AC00D43C8F /* MKitMutableModelArray+Parse.m */ = {isa = PBXFileReference; fileEncoding = 4; lastKnownFileType = sourcecode.c.objc; path = "MKitMutableModelArray+Parse.m"; sourceTree = "<group>"; };
		FFB8CBA31642855800D43C8F /* MKitParseModelQuery.h */ = {isa = PBXFileReference; fileEncoding = 4; lastKnownFileType = sourcecode.c.h; path = MKitParseModelQuery.h; sourceTree = "<group>"; };
		FFB8CBA41642855800D43C8F /* MKitParseModelQuery.m */ = {isa = PBXFileReference; fileEncoding = 4; lastKnownFileType = sourcecode.c.objc; path = MKitParseModelQuery.m; sourceTree = "<group>"; };
		FFB8CBA61642927100D43C8F /* MKitServiceModelQuery.h */ = {isa = PBXFileReference; fileEncoding = 4; lastKnownFileType = sourcecode.c.h; path = MKitServiceModelQuery.h; sourceTree = "<group>"; };
		FFB8CBA71642927100D43C8F /* MKitServiceModelQuery.m */ = {isa = PBXFileReference; fileEncoding = 4; lastKnownFileType = sourcecode.c.objc; path = MKitServiceModelQuery.m; sourceTree = "<group>"; };
		FFB8CBA91642928600D43C8F /* MKitServiceModel.h */ = {isa = PBXFileReference; fileEncoding = 4; lastKnownFileType = sourcecode.c.h; path = MKitServiceModel.h; sourceTree = "<group>"; };
		FFB8CBAA1642928600D43C8F /* MKitServiceModel.m */ = {isa = PBXFileReference; fileEncoding = 4; lastKnownFileType = sourcecode.c.objc; path = MKitServiceModel.m; sourceTree = "<group>"; };
		FFB8CBAC164292C400D43C8F /* MKitParseServiceManager.h */ = {isa = PBXFileReference; fileEncoding = 4; lastKnownFileType = sourcecode.c.h; path = MKitParseServiceManager.h; sourceTree = "<group>"; };
		FFB8CBAD164292C400D43C8F /* MKitParseServiceManager.m */ = {isa = PBXFileReference; fileEncoding = 4; lastKnownFileType = sourcecode.c.objc; path = MKitParseServiceManager.m; sourceTree = "<group>"; };
		FFB8CBB116429A4E00D43C8F /* MKitParseModelBinder.h */ = {isa = PBXFileReference; fileEncoding = 4; lastKnownFileType = sourcecode.c.h; path = MKitParseModelBinder.h; sourceTree = "<group>"; };
		FFB8CBB216429A4E00D43C8F /* MKitParseModelBinder.m */ = {isa = PBXFileReference; fileEncoding = 4; lastKnownFileType = sourcecode.c.objc; path = MKitParseModelBinder.m; sourceTree = "<group>"; };
		FFB8CBB41643A6B000D43C8F /* MKitModelQuery.h */ = {isa = PBXFileReference; fileEncoding = 4; lastKnownFileType = sourcecode.c.h; path = MKitModelQuery.h; sourceTree = "<group>"; };
		FFB8CBB51643A6B000D43C8F /* MKitModelQuery.m */ = {isa = PBXFileReference; fileEncoding = 4; lastKnownFileType = sourcecode.c.objc; path = MKitModelQuery.m; sourceTree = "<group>"; };
		FFB8CBB71643A7A900D43C8F /* MKitDefs.h */ = {isa = PBXFileReference; lastKnownFileType = sourcecode.c.h; path = MKitDefs.h; sourceTree = "<group>"; };
		FFB8CBB81643A95200D43C8F /* MKitModelPredicateQuery.h */ = {isa = PBXFileReference; fileEncoding = 4; lastKnownFileType = sourcecode.c.h; path = MKitModelPredicateQuery.h; sourceTree = "<group>"; };
		FFB8CBB91643A95200D43C8F /* MKitModelPredicateQuery.m */ = {isa = PBXFileReference; fileEncoding = 4; lastKnownFileType = sourcecode.c.objc; path = MKitModelPredicateQuery.m; sourceTree = "<group>"; };
		FFBA0D24163D23EE00B6560C /* MKitTC0001ContextTestCases.h */ = {isa = PBXFileReference; fileEncoding = 4; lastKnownFileType = sourcecode.c.h; lineEnding = 0; path = MKitTC0001ContextTestCases.h; sourceTree = "<group>"; xcLanguageSpecificationIdentifier = xcode.lang.objcpp; };
		FFBA0D25163D23EE00B6560C /* MKitTC0001ContextTestCases.m */ = {isa = PBXFileReference; fileEncoding = 4; lastKnownFileType = sourcecode.c.objc; lineEnding = 0; path = MKitTC0001ContextTestCases.m; sourceTree = "<group>"; xcLanguageSpecificationIdentifier = xcode.lang.objc; };
		FFBA0D27163D24C100B6560C /* TestModelNoContext.h */ = {isa = PBXFileReference; fileEncoding = 4; lastKnownFileType = sourcecode.c.h; lineEnding = 0; path = TestModelNoContext.h; sourceTree = "<group>"; xcLanguageSpecificationIdentifier = xcode.lang.objcpp; };
		FFBA0D28163D24C100B6560C /* TestModelNoContext.m */ = {isa = PBXFileReference; fileEncoding = 4; lastKnownFileType = sourcecode.c.objc; path = TestModelNoContext.m; sourceTree = "<group>"; };
		FFBA0D30163D5B1F00B6560C /* TestModel.h */ = {isa = PBXFileReference; fileEncoding = 4; lastKnownFileType = sourcecode.c.h; lineEnding = 0; path = TestModel.h; sourceTree = "<group>"; xcLanguageSpecificationIdentifier = xcode.lang.objcpp; };
		FFBA0D31163D5B1F00B6560C /* TestModel.m */ = {isa = PBXFileReference; fileEncoding = 4; lastKnownFileType = sourcecode.c.objc; lineEnding = 0; path = TestModel.m; sourceTree = "<group>"; xcLanguageSpecificationIdentifier = xcode.lang.objc; };
		FFBA0D33163D709C00B6560C /* MKitTC0002ModelTestCases.h */ = {isa = PBXFileReference; fileEncoding = 4; lastKnownFileType = sourcecode.c.h; lineEnding = 0; path = MKitTC0002ModelTestCases.h; sourceTree = "<group>"; xcLanguageSpecificationIdentifier = xcode.lang.objcpp; };
		FFBA0D34163D709C00B6560C /* MKitTC0002ModelTestCases.m */ = {isa = PBXFileReference; fileEncoding = 4; lastKnownFileType = sourcecode.c.objc; lineEnding = 0; path = MKitTC0002ModelTestCases.m; sourceTree = "<group>"; xcLanguageSpecificationIdentifier = xcode.lang.objc; };
		FFBA0D3B163DB3E700B6560C /* CFNetwork.framework */ = {isa = PBXFileReference; lastKnownFileType = wrapper.framework; name = CFNetwork.framework; path = System/Library/Frameworks/CFNetwork.framework; sourceTree = SDKROOT; };
		FFBA0D3C163DB3E700B6560C /* UIKit.framework */ = {isa = PBXFileReference; lastKnownFileType = wrapper.framework; name = UIKit.framework; path = System/Library/Frameworks/UIKit.framework; sourceTree = SDKROOT; };
		FFBA0D3F163DBB5D00B6560C /* MKitMutableOrderedDictionary.h */ = {isa = PBXFileReference; fileEncoding = 4; lastKnownFileType = sourcecode.c.h; lineEnding = 0; path = MKitMutableOrderedDictionary.h; sourceTree = "<group>"; xcLanguageSpecificationIdentifier = xcode.lang.objcpp; };
		FFBA0D40163DBB5D00B6560C /* MKitMutableOrderedDictionary.m */ = {isa = PBXFileReference; fileEncoding = 4; lastKnownFileType = sourcecode.c.objc; lineEnding = 0; path = MKitMutableOrderedDictionary.m; sourceTree = "<group>"; xcLanguageSpecificationIdentifier = xcode.lang.objc; };
		FFBA0D42163DBEAB00B6560C /* MKitTC0000FoundationTestCases.h */ = {isa = PBXFileReference; fileEncoding = 4; lastKnownFileType = sourcecode.c.h; lineEnding = 0; path = MKitTC0000FoundationTestCases.h; sourceTree = "<group>"; xcLanguageSpecificationIdentifier = xcode.lang.objcpp; };
		FFBA0D43163DBEAB00B6560C /* MKitTC0000FoundationTestCases.m */ = {isa = PBXFileReference; fileEncoding = 4; lastKnownFileType = sourcecode.c.objc; lineEnding = 0; path = MKitTC0000FoundationTestCases.m; sourceTree = "<group>"; xcLanguageSpecificationIdentifier = xcode.lang.objc; };
		FFBA0D64163E506500B6560C /* ModelKit-Prefix.pch */ = {isa = PBXFileReference; fileEncoding = 4; lastKnownFileType = sourcecode.c.h; path = "ModelKit-Prefix.pch"; sourceTree = SOURCE_ROOT; };
		FFCFA9EF1639732500BC2E3E /* MKitModelContext.h */ = {isa = PBXFileReference; fileEncoding = 4; lastKnownFileType = sourcecode.c.h; lineEnding = 0; path = MKitModelContext.h; sourceTree = "<group>"; xcLanguageSpecificationIdentifier = xcode.lang.objcpp; };
		FFCFA9F01639732500BC2E3E /* MKitModelContext.m */ = {isa = PBXFileReference; fileEncoding = 4; lastKnownFileType = sourcecode.c.objc; lineEnding = 0; path = MKitModelContext.m; sourceTree = "<group>"; xcLanguageSpecificationIdentifier = xcode.lang.objc; };
		FFCFAA1F163A7DD800BC2E3E /* JSONKit.h */ = {isa = PBXFileReference; fileEncoding = 4; lastKnownFileType = sourcecode.c.h; name = JSONKit.h; path = ../../External/JSONKit/JSONKit.h; sourceTree = "<group>"; };
		FFCFAA20163A7DD800BC2E3E /* JSONKit.m */ = {isa = PBXFileReference; fileEncoding = 4; lastKnownFileType = sourcecode.c.objc; name = JSONKit.m; path = ../../External/JSONKit/JSONKit.m; sourceTree = "<group>"; };
		FFCFAA2D163A837300BC2E3E /* ISO8601DateFormatter.h */ = {isa = PBXFileReference; fileEncoding = 4; lastKnownFileType = sourcecode.c.h; name = ISO8601DateFormatter.h; path = ../../External/iso/ISO8601DateFormatter.h; sourceTree = "<group>"; };
		FFCFAA2E163A837300BC2E3E /* ISO8601DateFormatter.m */ = {isa = PBXFileReference; fileEncoding = 4; lastKnownFileType = sourcecode.c.objc; name = ISO8601DateFormatter.m; path = ../../External/iso/ISO8601DateFormatter.m; sourceTree = "<group>"; };
		FFCFAA31163A83C800BC2E3E /* NSDate+ModelKit.h */ = {isa = PBXFileReference; fileEncoding = 4; lastKnownFileType = sourcecode.c.h; lineEnding = 0; path = "NSDate+ModelKit.h"; sourceTree = "<group>"; xcLanguageSpecificationIdentifier = xcode.lang.objcpp; };
		FFCFAA32163A83C800BC2E3E /* NSDate+ModelKit.m */ = {isa = PBXFileReference; fileEncoding = 4; lastKnownFileType = sourcecode.c.objc; lineEnding = 0; path = "NSDate+ModelKit.m"; sourceTree = "<group>"; xcLanguageSpecificationIdentifier = xcode.lang.objc; };
		FFCFAA40163AC39000BC2E3E /* MKitMutableModelArray.h */ = {isa = PBXFileReference; fileEncoding = 4; lastKnownFileType = sourcecode.c.h; lineEnding = 0; path = MKitMutableModelArray.h; sourceTree = "<group>"; xcLanguageSpecificationIdentifier = xcode.lang.objcpp; };
		FFCFAA41163AC39000BC2E3E /* MKitMutableModelArray.m */ = {isa = PBXFileReference; fileEncoding = 4; lastKnownFileType = sourcecode.c.objc; lineEnding = 0; path = MKitMutableModelArray.m; sourceTree = "<group>"; xcLanguageSpecificationIdentifier = xcode.lang.objc; };
		FFCFAA6A163C642800BC2E3E /* SenTestingKit.framework */ = {isa = PBXFileReference; lastKnownFileType = wrapper.framework; name = SenTestingKit.framework; path = Library/Frameworks/SenTestingKit.framework; sourceTree = DEVELOPER_DIR; };
		FFCFAA6C163C642800BC2E3E /* UIKit.framework */ = {isa = PBXFileReference; lastKnownFileType = wrapper.framework; name = UIKit.framework; path = Library/Frameworks/UIKit.framework; sourceTree = DEVELOPER_DIR; };
		FFCFAA81163C655C00BC2E3E /* TestCases.octest */ = {isa = PBXFileReference; explicitFileType = wrapper.cfbundle; includeInIndex = 0; path = TestCases.octest; sourceTree = BUILT_PRODUCTS_DIR; };
		FFCFAA87163C655C00BC2E3E /* TestCases-Info.plist */ = {isa = PBXFileReference; lastKnownFileType = text.plist.xml; path = "TestCases-Info.plist"; sourceTree = "<group>"; };
		FFCFAA89163C655C00BC2E3E /* en */ = {isa = PBXFileReference; lastKnownFileType = text.plist.strings; name = en; path = en.lproj/InfoPlist.strings; sourceTree = "<group>"; };
		FFCFAA8E163C655C00BC2E3E /* TestCases-Prefix.pch */ = {isa = PBXFileReference; lastKnownFileType = sourcecode.c.h; path = "TestCases-Prefix.pch"; sourceTree = "<group>"; };
/* End PBXFileReference section */

/* Begin PBXFrameworksBuildPhase section */
		FFA54A9A16391DEA00F055A6 /* Frameworks */ = {
			isa = PBXFrameworksBuildPhase;
			buildActionMask = 2147483647;
			files = (
				FF3C8CC7163937CC009EB62A /* CoreGraphics.framework in Frameworks */,
				FF3C8CC8163937CC009EB62A /* CoreLocation.framework in Frameworks */,
				FF3C8CC9163937CC009EB62A /* MobileCoreServices.framework in Frameworks */,
				FF3C8CCA163937CC009EB62A /* Security.framework in Frameworks */,
				FF3C8CCB163937CC009EB62A /* SystemConfiguration.framework in Frameworks */,
				FF3C8CC116393793009EB62A /* libAFNetworkingStatic.a in Frameworks */,
				FFA54AA116391DEA00F055A6 /* Foundation.framework in Frameworks */,
			);
			runOnlyForDeploymentPostprocessing = 0;
		};
		FFCFAA7D163C655C00BC2E3E /* Frameworks */ = {
			isa = PBXFrameworksBuildPhase;
			buildActionMask = 2147483647;
			files = (
				FFBA0D2C163D254E00B6560C /* libModelKit.a in Frameworks */,
				FFCFAA82163C655C00BC2E3E /* SenTestingKit.framework in Frameworks */,
				FFCFAA83163C655C00BC2E3E /* UIKit.framework in Frameworks */,
				FFBA0D3D163DB3E700B6560C /* CFNetwork.framework in Frameworks */,
				FFBA0D3E163DB3E700B6560C /* UIKit.framework in Frameworks */,
				FFBA0D36163DB3E700B6560C /* CoreLocation.framework in Frameworks */,
				FFBA0D37163DB3E700B6560C /* MobileCoreServices.framework in Frameworks */,
				FFBA0D38163DB3E700B6560C /* Security.framework in Frameworks */,
				FFBA0D39163DB3E700B6560C /* SystemConfiguration.framework in Frameworks */,
				FFCFAA84163C655C00BC2E3E /* Foundation.framework in Frameworks */,
				FFBA0D3A163DB3E700B6560C /* CoreGraphics.framework in Frameworks */,
			);
			runOnlyForDeploymentPostprocessing = 0;
		};
/* End PBXFrameworksBuildPhase section */

/* Begin PBXGroup section */
		FF3C8CB11639368E009EB62A /* Source */ = {
			isa = PBXGroup;
			children = (
				FF3C8D3216393D91009EB62A /* ModelKit.h */,
				FFCFA9F31639735A00BC2E3E /* Service */,
				FF3C8D3A1639407C009EB62A /* Classes */,
				FF3C8CB21639368E009EB62A /* Model */,
			);
			name = Source;
			path = ../../Source;
			sourceTree = "<group>";
		};
		FF3C8CB21639368E009EB62A /* Model */ = {
			isa = PBXGroup;
			children = (
				FFB8CBB71643A7A900D43C8F /* MKitDefs.h */,
				FF3C8CB3163936B0009EB62A /* MKitModel.h */,
				FF3C8CB4163936B0009EB62A /* MKitModel.m */,
				FF3C8D5C16396082009EB62A /* MKitModelRegistry.h */,
				FF3C8D5D16396082009EB62A /* MKitModelRegistry.m */,
				FFCFA9EF1639732500BC2E3E /* MKitModelContext.h */,
				FFCFA9F01639732500BC2E3E /* MKitModelContext.m */,
				FFB8CBB41643A6B000D43C8F /* MKitModelQuery.h */,
				FFB8CBB51643A6B000D43C8F /* MKitModelQuery.m */,
				FFB8CBB81643A95200D43C8F /* MKitModelPredicateQuery.h */,
				FFB8CBB91643A95200D43C8F /* MKitModelPredicateQuery.m */,
			);
			path = Model;
			sourceTree = "<group>";
		};
		FF3C8CB716393788009EB62A /* Products */ = {
			isa = PBXGroup;
			children = (
				FF3C8CBE16393789009EB62A /* libAFNetworkingStatic.a */,
			);
			name = Products;
			sourceTree = "<group>";
		};
		FF3C8D11163939A1009EB62A /* External */ = {
			isa = PBXGroup;
			children = (
				FFCFAA30163A837A00BC2E3E /* ISO8601 */,
				FFCFAA22163A7DDD00BC2E3E /* JSONKit */,
				FF3C8CB616393788009EB62A /* AFNetworkingStatic.xcodeproj */,
			);
			name = External;
			sourceTree = "<group>";
		};
		FF3C8D3A1639407C009EB62A /* Classes */ = {
			isa = PBXGroup;
			children = (
				FFCFAA1B163A6C2B00BC2E3E /* Foundation */,
				FF3C8D3B1639407C009EB62A /* Categories */,
				FF3C8D3C1639407C009EB62A /* Reflection */,
			);
			path = Classes;
			sourceTree = "<group>";
		};
		FF3C8D3B1639407C009EB62A /* Categories */ = {
			isa = PBXGroup;
			children = (
				FFCFAA31163A83C800BC2E3E /* NSDate+ModelKit.h */,
				FFCFAA32163A83C800BC2E3E /* NSDate+ModelKit.m */,
				FFA3DEA8163F1A9800D2D855 /* NSString+ModelKit.h */,
				FFA3DEA9163F1A9800D2D855 /* NSString+ModelKit.m */,
			);
			path = Categories;
			sourceTree = "<group>";
		};
		FF3C8D3C1639407C009EB62A /* Reflection */ = {
			isa = PBXGroup;
			children = (
				FF3C8D3D1639409B009EB62A /* MKitReflectionManager.h */,
				FF3C8D3E1639409B009EB62A /* MKitReflectionManager.m */,
				FF3C8D40163940AC009EB62A /* MKitReflectedProperty.h */,
				FF3C8D41163940AC009EB62A /* MKitReflectedProperty.m */,
				FF3C8D43163940B9009EB62A /* MKitReflectedClass.h */,
				FF3C8D44163940B9009EB62A /* MKitReflectedClass.m */,
			);
			path = Reflection;
			sourceTree = "<group>";
		};
		FFA3DEA3163E8E4C00D2D855 /* Parse */ = {
			isa = PBXGroup;
			children = (
				FFB8CB701641A6AC00D43C8F /* Categories */,
				FFB8CBB016429A4100D43C8F /* Utilities */,
				FFB8CB6D1641A5AA00D43C8F /* MKitParseModel.h */,
				FFB8CB6E1641A5AA00D43C8F /* MKitParseModel.m */,
				FFB8CBA31642855800D43C8F /* MKitParseModelQuery.h */,
				FFB8CBA41642855800D43C8F /* MKitParseModelQuery.m */,
				FFB8CBAC164292C400D43C8F /* MKitParseServiceManager.h */,
				FFB8CBAD164292C400D43C8F /* MKitParseServiceManager.m */,
			);
			path = Parse;
			sourceTree = "<group>";
		};
		FFA54A9216391DEA00F055A6 = {
			isa = PBXGroup;
			children = (
				FF3C8D11163939A1009EB62A /* External */,
				FF3C8CB11639368E009EB62A /* Source */,
				FFA54AA316391DEA00F055A6 /* Supporting Files */,
				FFCFAA85163C655C00BC2E3E /* TestCases */,
				FFA54A9F16391DEA00F055A6 /* Frameworks */,
				FFA54A9E16391DEA00F055A6 /* Products */,
			);
			sourceTree = "<group>";
		};
		FFA54A9E16391DEA00F055A6 /* Products */ = {
			isa = PBXGroup;
			children = (
				FFA54A9D16391DEA00F055A6 /* libModelKit.a */,
				FFCFAA81163C655C00BC2E3E /* TestCases.octest */,
			);
			name = Products;
			sourceTree = "<group>";
		};
		FFA54A9F16391DEA00F055A6 /* Frameworks */ = {
			isa = PBXGroup;
			children = (
				FFBA0D3B163DB3E700B6560C /* CFNetwork.framework */,
				FFBA0D3C163DB3E700B6560C /* UIKit.framework */,
				FF3C8CC2163937CC009EB62A /* CoreGraphics.framework */,
				FF3C8CC3163937CC009EB62A /* CoreLocation.framework */,
				FF3C8CC4163937CC009EB62A /* MobileCoreServices.framework */,
				FF3C8CC5163937CC009EB62A /* Security.framework */,
				FF3C8CC6163937CC009EB62A /* SystemConfiguration.framework */,
				FFA54AA016391DEA00F055A6 /* Foundation.framework */,
				FFCFAA6A163C642800BC2E3E /* SenTestingKit.framework */,
				FFCFAA6C163C642800BC2E3E /* UIKit.framework */,
			);
			name = Frameworks;
			sourceTree = "<group>";
		};
		FFA54AA316391DEA00F055A6 /* Supporting Files */ = {
			isa = PBXGroup;
			children = (
				FFBA0D64163E506500B6560C /* ModelKit-Prefix.pch */,
			);
			name = "Supporting Files";
			path = ModelKit;
			sourceTree = "<group>";
		};
		FFB8CB701641A6AC00D43C8F /* Categories */ = {
			isa = PBXGroup;
			children = (
				FFB8CB711641A6AC00D43C8F /* MKitModel+Parse.h */,
				FFB8CB721641A6AC00D43C8F /* MKitModel+Parse.m */,
				FFB8CB731641A6AC00D43C8F /* MKitMutableModelArray+Parse.h */,
				FFB8CB741641A6AC00D43C8F /* MKitMutableModelArray+Parse.m */,
			);
			path = Categories;
			sourceTree = "<group>";
		};
		FFB8CBB016429A4100D43C8F /* Utilities */ = {
			isa = PBXGroup;
			children = (
				FFB8CBB116429A4E00D43C8F /* MKitParseModelBinder.h */,
				FFB8CBB216429A4E00D43C8F /* MKitParseModelBinder.m */,
			);
			path = Utilities;
			sourceTree = "<group>";
		};
		FFBA0D22163D23EE00B6560C /* Models */ = {
			isa = PBXGroup;
			children = (
				FFBA0D27163D24C100B6560C /* TestModelNoContext.h */,
				FFBA0D28163D24C100B6560C /* TestModelNoContext.m */,
				FFBA0D30163D5B1F00B6560C /* TestModel.h */,
				FFBA0D31163D5B1F00B6560C /* TestModel.m */,
			);
			path = Models;
			sourceTree = "<group>";
		};
		FFBA0D23163D23EE00B6560C /* Tests */ = {
			isa = PBXGroup;
			children = (
				FFBA0D42163DBEAB00B6560C /* MKitTC0000FoundationTestCases.h */,
				FFBA0D43163DBEAB00B6560C /* MKitTC0000FoundationTestCases.m */,
				FFBA0D24163D23EE00B6560C /* MKitTC0001ContextTestCases.h */,
				FFBA0D25163D23EE00B6560C /* MKitTC0001ContextTestCases.m */,
				FFBA0D33163D709C00B6560C /* MKitTC0002ModelTestCases.h */,
				FFBA0D34163D709C00B6560C /* MKitTC0002ModelTestCases.m */,
			);
			path = Tests;
			sourceTree = "<group>";
		};
		FFCFA9F31639735A00BC2E3E /* Service */ = {
			isa = PBXGroup;
			children = (
				FFCFA9F41639735A00BC2E3E /* Backend */,
				FFA3DE7B163E785400D2D855 /* MKitServiceManager.h */,
				FFA3DE7C163E785400D2D855 /* MKitServiceManager.m */,
				FFB8CBA91642928600D43C8F /* MKitServiceModel.h */,
				FFB8CBAA1642928600D43C8F /* MKitServiceModel.m */,
				FFB8CBA61642927100D43C8F /* MKitServiceModelQuery.h */,
				FFB8CBA71642927100D43C8F /* MKitServiceModelQuery.m */,
			);
			path = Service;
			sourceTree = "<group>";
		};
		FFCFA9F41639735A00BC2E3E /* Backend */ = {
			isa = PBXGroup;
			children = (
				FFA3DEA3163E8E4C00D2D855 /* Parse */,
			);
			path = Backend;
			sourceTree = "<group>";
		};
		FFCFAA1B163A6C2B00BC2E3E /* Foundation */ = {
			isa = PBXGroup;
			children = (
				FFCFAA40163AC39000BC2E3E /* MKitMutableModelArray.h */,
				FFCFAA41163AC39000BC2E3E /* MKitMutableModelArray.m */,
				FFBA0D3F163DBB5D00B6560C /* MKitMutableOrderedDictionary.h */,
				FFBA0D40163DBB5D00B6560C /* MKitMutableOrderedDictionary.m */,
			);
			path = Foundation;
			sourceTree = "<group>";
		};
		FFCFAA22163A7DDD00BC2E3E /* JSONKit */ = {
			isa = PBXGroup;
			children = (
				FFCFAA1F163A7DD800BC2E3E /* JSONKit.h */,
				FFCFAA20163A7DD800BC2E3E /* JSONKit.m */,
			);
			name = JSONKit;
			sourceTree = "<group>";
		};
		FFCFAA30163A837A00BC2E3E /* ISO8601 */ = {
			isa = PBXGroup;
			children = (
				FFCFAA2D163A837300BC2E3E /* ISO8601DateFormatter.h */,
				FFCFAA2E163A837300BC2E3E /* ISO8601DateFormatter.m */,
			);
			name = ISO8601;
			sourceTree = "<group>";
		};
		FFCFAA85163C655C00BC2E3E /* TestCases */ = {
			isa = PBXGroup;
			children = (
				FFBA0D22163D23EE00B6560C /* Models */,
				FFBA0D23163D23EE00B6560C /* Tests */,
				FFCFAA86163C655C00BC2E3E /* Supporting Files */,
			);
			path = TestCases;
			sourceTree = "<group>";
		};
		FFCFAA86163C655C00BC2E3E /* Supporting Files */ = {
			isa = PBXGroup;
			children = (
				FFCFAA87163C655C00BC2E3E /* TestCases-Info.plist */,
				FFCFAA88163C655C00BC2E3E /* InfoPlist.strings */,
				FFCFAA8E163C655C00BC2E3E /* TestCases-Prefix.pch */,
			);
			name = "Supporting Files";
			sourceTree = "<group>";
		};
/* End PBXGroup section */

/* Begin PBXNativeTarget section */
		FFA54A9C16391DEA00F055A6 /* ModelKit */ = {
			isa = PBXNativeTarget;
			buildConfigurationList = FFA54AAB16391DEA00F055A6 /* Build configuration list for PBXNativeTarget "ModelKit" */;
			buildPhases = (
				FFA54A9916391DEA00F055A6 /* Sources */,
				FFA54A9A16391DEA00F055A6 /* Frameworks */,
				FFA54A9B16391DEA00F055A6 /* CopyFiles */,
			);
			buildRules = (
			);
			dependencies = (
				FF3C8CC01639378F009EB62A /* PBXTargetDependency */,
			);
			name = ModelKit;
			productName = ModelKit;
			productReference = FFA54A9D16391DEA00F055A6 /* libModelKit.a */;
			productType = "com.apple.product-type.library.static";
		};
		FFCFAA80163C655C00BC2E3E /* TestCases */ = {
			isa = PBXNativeTarget;
			buildConfigurationList = FFCFAA8F163C655C00BC2E3E /* Build configuration list for PBXNativeTarget "TestCases" */;
			buildPhases = (
				FFCFAA7C163C655C00BC2E3E /* Sources */,
				FFCFAA7D163C655C00BC2E3E /* Frameworks */,
				FFCFAA7E163C655C00BC2E3E /* Resources */,
				FFCFAA7F163C655C00BC2E3E /* ShellScript */,
			);
			buildRules = (
			);
			dependencies = (
				FFBA0D2B163D254800B6560C /* PBXTargetDependency */,
			);
			name = TestCases;
			productName = TestCases;
			productReference = FFCFAA81163C655C00BC2E3E /* TestCases.octest */;
			productType = "com.apple.product-type.bundle";
		};
/* End PBXNativeTarget section */

/* Begin PBXProject section */
		FFA54A9416391DEA00F055A6 /* Project object */ = {
			isa = PBXProject;
			attributes = {
				CLASSPREFIX = MKit;
				LastUpgradeCheck = 0450;
				ORGANIZATIONNAME = "Interfacelab LLC";
			};
			buildConfigurationList = FFA54A9716391DEA00F055A6 /* Build configuration list for PBXProject "ModelKit" */;
			compatibilityVersion = "Xcode 3.2";
			developmentRegion = English;
			hasScannedForEncodings = 0;
			knownRegions = (
				en,
			);
			mainGroup = FFA54A9216391DEA00F055A6;
			productRefGroup = FFA54A9E16391DEA00F055A6 /* Products */;
			projectDirPath = "";
			projectReferences = (
				{
					ProductGroup = FF3C8CB716393788009EB62A /* Products */;
					ProjectRef = FF3C8CB616393788009EB62A /* AFNetworkingStatic.xcodeproj */;
				},
			);
			projectRoot = "";
			targets = (
				FFA54A9C16391DEA00F055A6 /* ModelKit */,
				FFCFAA80163C655C00BC2E3E /* TestCases */,
				FFB8CB7A1642732B00D43C8F /* ModelKit Documentation */,
			);
		};
/* End PBXProject section */

/* Begin PBXReferenceProxy section */
		FF3C8CBE16393789009EB62A /* libAFNetworkingStatic.a */ = {
			isa = PBXReferenceProxy;
			fileType = archive.ar;
			path = libAFNetworkingStatic.a;
			remoteRef = FF3C8CBD16393789009EB62A /* PBXContainerItemProxy */;
			sourceTree = BUILT_PRODUCTS_DIR;
		};
/* End PBXReferenceProxy section */

/* Begin PBXResourcesBuildPhase section */
		FFCFAA7E163C655C00BC2E3E /* Resources */ = {
			isa = PBXResourcesBuildPhase;
			buildActionMask = 2147483647;
			files = (
				FFCFAA8A163C655C00BC2E3E /* InfoPlist.strings in Resources */,
			);
			runOnlyForDeploymentPostprocessing = 0;
		};
/* End PBXResourcesBuildPhase section */

/* Begin PBXShellScriptBuildPhase section */
		FFB8CB7E1642733500D43C8F /* ShellScript */ = {
			isa = PBXShellScriptBuildPhase;
			buildActionMask = 2147483647;
			files = (
			);
			inputPaths = (
			);
			outputPaths = (
			);
			runOnlyForDeploymentPostprocessing = 0;
			shellPath = /bin/sh;
			shellScript = "cd \"$(SRCROOT)../..\"\n/usr/local/bin/doxygen doxygen.config";
		};
		FFCFAA7F163C655C00BC2E3E /* ShellScript */ = {
			isa = PBXShellScriptBuildPhase;
			buildActionMask = 2147483647;
			files = (
			);
			inputPaths = (
			);
			outputPaths = (
			);
			runOnlyForDeploymentPostprocessing = 0;
			shellPath = /bin/sh;
			shellScript = "# Run the unit tests in this test bundle.\n\"${SYSTEM_DEVELOPER_DIR}/Tools/RunUnitTests\"\n";
		};
/* End PBXShellScriptBuildPhase section */

/* Begin PBXSourcesBuildPhase section */
		FFA54A9916391DEA00F055A6 /* Sources */ = {
			isa = PBXSourcesBuildPhase;
			buildActionMask = 2147483647;
			files = (
				FF3C8CB5163936B0009EB62A /* MKitModel.m in Sources */,
				FF3C8D3F1639409B009EB62A /* MKitReflectionManager.m in Sources */,
				FF3C8D42163940AC009EB62A /* MKitReflectedProperty.m in Sources */,
				FF3C8D45163940B9009EB62A /* MKitReflectedClass.m in Sources */,
				FF3C8D5E16396082009EB62A /* MKitModelRegistry.m in Sources */,
				FFCFA9F11639732500BC2E3E /* MKitModelContext.m in Sources */,
				FFCFAA21163A7DD800BC2E3E /* JSONKit.m in Sources */,
				FFCFAA2F163A837300BC2E3E /* ISO8601DateFormatter.m in Sources */,
				FFCFAA33163A83C800BC2E3E /* NSDate+ModelKit.m in Sources */,
				FFCFAA42163AC39000BC2E3E /* MKitMutableModelArray.m in Sources */,
				FFBA0D41163DBB5D00B6560C /* MKitMutableOrderedDictionary.m in Sources */,
				FFA3DE7D163E785400D2D855 /* MKitServiceManager.m in Sources */,
				FFA3DEAA163F1A9800D2D855 /* NSString+ModelKit.m in Sources */,
				FFB8CB6F1641A5AA00D43C8F /* MKitParseModel.m in Sources */,
				FFB8CB751641A6AC00D43C8F /* MKitModel+Parse.m in Sources */,
				FFB8CB761641A6AC00D43C8F /* MKitMutableModelArray+Parse.m in Sources */,
				FFB8CBA51642855800D43C8F /* MKitParseModelQuery.m in Sources */,
				FFB8CBA81642927100D43C8F /* MKitServiceModelQuery.m in Sources */,
				FFB8CBAB1642928600D43C8F /* MKitServiceModel.m in Sources */,
				FFB8CBAE164292C500D43C8F /* MKitParseServiceManager.m in Sources */,
				FFB8CBB316429A4E00D43C8F /* MKitParseModelBinder.m in Sources */,
				FFB8CBB61643A6B000D43C8F /* MKitModelQuery.m in Sources */,
				FFB8CBBA1643A95200D43C8F /* MKitModelPredicateQuery.m in Sources */,
			);
			runOnlyForDeploymentPostprocessing = 0;
		};
		FFCFAA7C163C655C00BC2E3E /* Sources */ = {
			isa = PBXSourcesBuildPhase;
			buildActionMask = 2147483647;
			files = (
				FFBA0D26163D23EE00B6560C /* MKitTC0001ContextTestCases.m in Sources */,
				FFBA0D29163D24C100B6560C /* TestModelNoContext.m in Sources */,
				FFBA0D32163D5B1F00B6560C /* TestModel.m in Sources */,
				FFBA0D35163D709C00B6560C /* MKitTC0002ModelTestCases.m in Sources */,
				FFBA0D44163DBEAB00B6560C /* MKitTC0000FoundationTestCases.m in Sources */,
			);
			runOnlyForDeploymentPostprocessing = 0;
		};
/* End PBXSourcesBuildPhase section */

/* Begin PBXTargetDependency section */
		FF3C8CC01639378F009EB62A /* PBXTargetDependency */ = {
			isa = PBXTargetDependency;
			name = AFNetworkingStatic;
			targetProxy = FF3C8CBF1639378F009EB62A /* PBXContainerItemProxy */;
		};
		FFBA0D2B163D254800B6560C /* PBXTargetDependency */ = {
			isa = PBXTargetDependency;
			target = FFA54A9C16391DEA00F055A6 /* ModelKit */;
			targetProxy = FFBA0D2A163D254800B6560C /* PBXContainerItemProxy */;
		};
/* End PBXTargetDependency section */

/* Begin PBXVariantGroup section */
		FFCFAA88163C655C00BC2E3E /* InfoPlist.strings */ = {
			isa = PBXVariantGroup;
			children = (
				FFCFAA89163C655C00BC2E3E /* en */,
			);
			name = InfoPlist.strings;
			sourceTree = "<group>";
		};
/* End PBXVariantGroup section */

/* Begin XCBuildConfiguration section */
		FFA54AA916391DEA00F055A6 /* Debug */ = {
			isa = XCBuildConfiguration;
			buildSettings = {
				ALWAYS_SEARCH_USER_PATHS = NO;
				CLANG_CXX_LANGUAGE_STANDARD = "gnu++0x";
				CLANG_CXX_LIBRARY = "libc++";
				CLANG_WARN_EMPTY_BODY = YES;
				CLANG_WARN__DUPLICATE_METHOD_MATCH = YES;
				COPY_PHASE_STRIP = NO;
				GCC_C_LANGUAGE_STANDARD = gnu99;
				GCC_DYNAMIC_NO_PIC = NO;
				GCC_OPTIMIZATION_LEVEL = 0;
				GCC_PREPROCESSOR_DEFINITIONS = (
					"DEBUG=1",
					"$(inherited)",
				);
				GCC_SYMBOLS_PRIVATE_EXTERN = NO;
				GCC_WARN_ABOUT_RETURN_TYPE = YES;
				GCC_WARN_UNINITIALIZED_AUTOS = YES;
				GCC_WARN_UNUSED_VARIABLE = YES;
				IPHONEOS_DEPLOYMENT_TARGET = 5.0;
				SDKROOT = iphoneos;
			};
			name = Debug;
		};
		FFA54AAA16391DEA00F055A6 /* Release */ = {
			isa = XCBuildConfiguration;
			buildSettings = {
				ALWAYS_SEARCH_USER_PATHS = NO;
				CLANG_CXX_LANGUAGE_STANDARD = "gnu++0x";
				CLANG_CXX_LIBRARY = "libc++";
				CLANG_WARN_EMPTY_BODY = YES;
				CLANG_WARN__DUPLICATE_METHOD_MATCH = YES;
				COPY_PHASE_STRIP = YES;
				GCC_C_LANGUAGE_STANDARD = gnu99;
				GCC_WARN_ABOUT_RETURN_TYPE = YES;
				GCC_WARN_UNINITIALIZED_AUTOS = YES;
				GCC_WARN_UNUSED_VARIABLE = YES;
				IPHONEOS_DEPLOYMENT_TARGET = 5.0;
				SDKROOT = iphoneos;
				VALIDATE_PRODUCT = YES;
			};
			name = Release;
		};
		FFA54AAC16391DEA00F055A6 /* Debug */ = {
			isa = XCBuildConfiguration;
			buildSettings = {
				DSTROOT = /tmp/ModelKit.dst;
				GCC_PRECOMPILE_PREFIX_HEADER = YES;
				GCC_PREFIX_HEADER = "ModelKit-Prefix.pch";
				HEADER_SEARCH_PATHS = "\"$(SRCROOT)/../../External/AFNetworkingStatic/External/AFNetworking/AFNetworking\"";
				OTHER_LDFLAGS = "-ObjC";
				PRODUCT_NAME = ModelKit;
				SKIP_INSTALL = YES;
			};
			name = Debug;
		};
		FFA54AAD16391DEA00F055A6 /* Release */ = {
			isa = XCBuildConfiguration;
			buildSettings = {
				DSTROOT = /tmp/ModelKit.dst;
				GCC_PRECOMPILE_PREFIX_HEADER = YES;
				GCC_PREFIX_HEADER = "ModelKit-Prefix.pch";
				HEADER_SEARCH_PATHS = "\"$(SRCROOT)/../../External/AFNetworkingStatic/External/AFNetworking/AFNetworking\"";
				OTHER_LDFLAGS = "-ObjC";
				PRODUCT_NAME = ModelKit;
				SKIP_INSTALL = YES;
			};
			name = Release;
		};
		FFB8CB7C1642732B00D43C8F /* Debug */ = {
			isa = XCBuildConfiguration;
			buildSettings = {
				PRODUCT_NAME = "$(TARGET_NAME)";
			};
			name = Debug;
		};
		FFB8CB7D1642732B00D43C8F /* Release */ = {
			isa = XCBuildConfiguration;
			buildSettings = {
				PRODUCT_NAME = "$(TARGET_NAME)";
			};
			name = Release;
		};
		FFCFAA90163C655C00BC2E3E /* Debug */ = {
			isa = XCBuildConfiguration;
			buildSettings = {
				FRAMEWORK_SEARCH_PATHS = (
					"\"$(SDKROOT)/Developer/Library/Frameworks\"",
					"\"$(DEVELOPER_LIBRARY_DIR)/Frameworks\"",
				);
				GCC_PRECOMPILE_PREFIX_HEADER = YES;
				GCC_PREFIX_HEADER = "TestCases/TestCases-Prefix.pch";
				HEADER_SEARCH_PATHS = "\"$(SRCROOT)/../../External/AFNetworkingStatic/External/AFNetworking/AFNetworking\"";
				INFOPLIST_FILE = "TestCases/TestCases-Info.plist";
				IPHONEOS_DEPLOYMENT_TARGET = 6.0;
				OTHER_LDFLAGS = "-ObjC";
				PRODUCT_NAME = "$(TARGET_NAME)";
				WRAPPER_EXTENSION = octest;
			};
			name = Debug;
		};
		FFCFAA91163C655C00BC2E3E /* Release */ = {
			isa = XCBuildConfiguration;
			buildSettings = {
				FRAMEWORK_SEARCH_PATHS = (
					"\"$(SDKROOT)/Developer/Library/Frameworks\"",
					"\"$(DEVELOPER_LIBRARY_DIR)/Frameworks\"",
				);
				GCC_PRECOMPILE_PREFIX_HEADER = YES;
				GCC_PREFIX_HEADER = "TestCases/TestCases-Prefix.pch";
				HEADER_SEARCH_PATHS = "\"$(SRCROOT)/../../External/AFNetworkingStatic/External/AFNetworking/AFNetworking\"";
				INFOPLIST_FILE = "TestCases/TestCases-Info.plist";
				IPHONEOS_DEPLOYMENT_TARGET = 6.0;
				OTHER_LDFLAGS = "-ObjC";
				PRODUCT_NAME = "$(TARGET_NAME)";
				WRAPPER_EXTENSION = octest;
			};
			name = Release;
		};
/* End XCBuildConfiguration section */

/* Begin XCConfigurationList section */
		FFA54A9716391DEA00F055A6 /* Build configuration list for PBXProject "ModelKit" */ = {
			isa = XCConfigurationList;
			buildConfigurations = (
				FFA54AA916391DEA00F055A6 /* Debug */,
				FFA54AAA16391DEA00F055A6 /* Release */,
			);
			defaultConfigurationIsVisible = 0;
			defaultConfigurationName = Release;
		};
		FFA54AAB16391DEA00F055A6 /* Build configuration list for PBXNativeTarget "ModelKit" */ = {
			isa = XCConfigurationList;
			buildConfigurations = (
				FFA54AAC16391DEA00F055A6 /* Debug */,
				FFA54AAD16391DEA00F055A6 /* Release */,
			);
			defaultConfigurationIsVisible = 0;
			defaultConfigurationName = Release;
		};
		FFB8CB7B1642732B00D43C8F /* Build configuration list for PBXAggregateTarget "ModelKit Documentation" */ = {
			isa = XCConfigurationList;
			buildConfigurations = (
				FFB8CB7C1642732B00D43C8F /* Debug */,
				FFB8CB7D1642732B00D43C8F /* Release */,
			);
			defaultConfigurationIsVisible = 0;
		};
		FFCFAA8F163C655C00BC2E3E /* Build configuration list for PBXNativeTarget "TestCases" */ = {
			isa = XCConfigurationList;
			buildConfigurations = (
				FFCFAA90163C655C00BC2E3E /* Debug */,
				FFCFAA91163C655C00BC2E3E /* Release */,
			);
			defaultConfigurationIsVisible = 0;
			defaultConfigurationName = Release;
		};
/* End XCConfigurationList section */
	};
	rootObject = FFA54A9416391DEA00F055A6 /* Project object */;
}
