// !$*UTF8*$!
{
	archiveVersion = 1;
	classes = {
	};
	objectVersion = 46;
	objects = {

/* Begin PBXBuildFile section */
		FF9030581650097A00156E71 /* UIKit.framework in Frameworks */ = {isa = PBXBuildFile; fileRef = FF9030571650097A00156E71 /* UIKit.framework */; };
		FF90305A1650097A00156E71 /* Foundation.framework in Frameworks */ = {isa = PBXBuildFile; fileRef = FF9030591650097A00156E71 /* Foundation.framework */; };
		FF90305C1650097A00156E71 /* CoreGraphics.framework in Frameworks */ = {isa = PBXBuildFile; fileRef = FF90305B1650097A00156E71 /* CoreGraphics.framework */; };
		FF90305E1650097A00156E71 /* CoreData.framework in Frameworks */ = {isa = PBXBuildFile; fileRef = FF90305D1650097A00156E71 /* CoreData.framework */; };
		FF9030641650097A00156E71 /* InfoPlist.strings in Resources */ = {isa = PBXBuildFile; fileRef = FF9030621650097A00156E71 /* InfoPlist.strings */; };
		FF9030661650097A00156E71 /* main.m in Sources */ = {isa = PBXBuildFile; fileRef = FF9030651650097A00156E71 /* main.m */; };
		FF90306A1650097A00156E71 /* TODOAppDelegate.m in Sources */ = {isa = PBXBuildFile; fileRef = FF9030691650097A00156E71 /* TODOAppDelegate.m */; };
		FF90306C1650097A00156E71 /* Default.png in Resources */ = {isa = PBXBuildFile; fileRef = FF90306B1650097A00156E71 /* Default.png */; };
		FF90306E1650097A00156E71 /* Default@2x.png in Resources */ = {isa = PBXBuildFile; fileRef = FF90306D1650097A00156E71 /* Default@2x.png */; };
		FF9030701650097A00156E71 /* Default-568h@2x.png in Resources */ = {isa = PBXBuildFile; fileRef = FF90306F1650097A00156E71 /* Default-568h@2x.png */; };
		FF9030731650097A00156E71 /* ToDoSampleCoreData.xcdatamodeld in Sources */ = {isa = PBXBuildFile; fileRef = FF9030711650097A00156E71 /* ToDoSampleCoreData.xcdatamodeld */; };
		FF9030761650097A00156E71 /* TODOMasterViewController.m in Sources */ = {isa = PBXBuildFile; fileRef = FF9030751650097A00156E71 /* TODOMasterViewController.m */; };
		FF9030791650097A00156E71 /* TODODetailViewController.m in Sources */ = {isa = PBXBuildFile; fileRef = FF9030781650097A00156E71 /* TODODetailViewController.m */; };
		FF90307C1650097A00156E71 /* TODOMasterViewController.xib in Resources */ = {isa = PBXBuildFile; fileRef = FF90307A1650097A00156E71 /* TODOMasterViewController.xib */; };
		FF90307F1650097A00156E71 /* TODODetailViewController.xib in Resources */ = {isa = PBXBuildFile; fileRef = FF90307D1650097A00156E71 /* TODODetailViewController.xib */; };
/* End PBXBuildFile section */

/* Begin PBXFileReference section */
		FF9030531650097A00156E71 /* ToDoSampleCoreData.app */ = {isa = PBXFileReference; explicitFileType = wrapper.application; includeInIndex = 0; path = ToDoSampleCoreData.app; sourceTree = BUILT_PRODUCTS_DIR; };
		FF9030571650097A00156E71 /* UIKit.framework */ = {isa = PBXFileReference; lastKnownFileType = wrapper.framework; name = UIKit.framework; path = System/Library/Frameworks/UIKit.framework; sourceTree = SDKROOT; };
		FF9030591650097A00156E71 /* Foundation.framework */ = {isa = PBXFileReference; lastKnownFileType = wrapper.framework; name = Foundation.framework; path = System/Library/Frameworks/Foundation.framework; sourceTree = SDKROOT; };
		FF90305B1650097A00156E71 /* CoreGraphics.framework */ = {isa = PBXFileReference; lastKnownFileType = wrapper.framework; name = CoreGraphics.framework; path = System/Library/Frameworks/CoreGraphics.framework; sourceTree = SDKROOT; };
		FF90305D1650097A00156E71 /* CoreData.framework */ = {isa = PBXFileReference; lastKnownFileType = wrapper.framework; name = CoreData.framework; path = System/Library/Frameworks/CoreData.framework; sourceTree = SDKROOT; };
		FF9030611650097A00156E71 /* ToDoSampleCoreData-Info.plist */ = {isa = PBXFileReference; lastKnownFileType = text.plist.xml; path = "ToDoSampleCoreData-Info.plist"; sourceTree = "<group>"; };
		FF9030631650097A00156E71 /* en */ = {isa = PBXFileReference; lastKnownFileType = text.plist.strings; name = en; path = en.lproj/InfoPlist.strings; sourceTree = "<group>"; };
		FF9030651650097A00156E71 /* main.m */ = {isa = PBXFileReference; lastKnownFileType = sourcecode.c.objc; path = main.m; sourceTree = "<group>"; };
		FF9030671650097A00156E71 /* ToDoSampleCoreData-Prefix.pch */ = {isa = PBXFileReference; lastKnownFileType = sourcecode.c.h; path = "ToDoSampleCoreData-Prefix.pch"; sourceTree = "<group>"; };
		FF9030681650097A00156E71 /* TODOAppDelegate.h */ = {isa = PBXFileReference; lastKnownFileType = sourcecode.c.h; path = TODOAppDelegate.h; sourceTree = "<group>"; };
		FF9030691650097A00156E71 /* TODOAppDelegate.m */ = {isa = PBXFileReference; lastKnownFileType = sourcecode.c.objc; path = TODOAppDelegate.m; sourceTree = "<group>"; };
		FF90306B1650097A00156E71 /* Default.png */ = {isa = PBXFileReference; lastKnownFileType = image.png; path = Default.png; sourceTree = "<group>"; };
		FF90306D1650097A00156E71 /* Default@2x.png */ = {isa = PBXFileReference; lastKnownFileType = image.png; path = "Default@2x.png"; sourceTree = "<group>"; };
		FF90306F1650097A00156E71 /* Default-568h@2x.png */ = {isa = PBXFileReference; lastKnownFileType = image.png; path = "Default-568h@2x.png"; sourceTree = "<group>"; };
		FF9030721650097A00156E71 /* ToDoSampleCoreData.xcdatamodel */ = {isa = PBXFileReference; lastKnownFileType = wrapper.xcdatamodel; path = ToDoSampleCoreData.xcdatamodel; sourceTree = "<group>"; };
		FF9030741650097A00156E71 /* TODOMasterViewController.h */ = {isa = PBXFileReference; lastKnownFileType = sourcecode.c.h; path = TODOMasterViewController.h; sourceTree = "<group>"; };
		FF9030751650097A00156E71 /* TODOMasterViewController.m */ = {isa = PBXFileReference; lastKnownFileType = sourcecode.c.objc; path = TODOMasterViewController.m; sourceTree = "<group>"; };
		FF9030771650097A00156E71 /* TODODetailViewController.h */ = {isa = PBXFileReference; lastKnownFileType = sourcecode.c.h; path = TODODetailViewController.h; sourceTree = "<group>"; };
		FF9030781650097A00156E71 /* TODODetailViewController.m */ = {isa = PBXFileReference; lastKnownFileType = sourcecode.c.objc; path = TODODetailViewController.m; sourceTree = "<group>"; };
		FF90307B1650097A00156E71 /* en */ = {isa = PBXFileReference; lastKnownFileType = file.xib; name = en; path = en.lproj/TODOMasterViewController.xib; sourceTree = "<group>"; };
		FF90307E1650097A00156E71 /* en */ = {isa = PBXFileReference; lastKnownFileType = file.xib; name = en; path = en.lproj/TODODetailViewController.xib; sourceTree = "<group>"; };
/* End PBXFileReference section */

/* Begin PBXFrameworksBuildPhase section */
		FF9030501650097A00156E71 /* Frameworks */ = {
			isa = PBXFrameworksBuildPhase;
			buildActionMask = 2147483647;
			files = (
				FF9030581650097A00156E71 /* UIKit.framework in Frameworks */,
				FF90305A1650097A00156E71 /* Foundation.framework in Frameworks */,
				FF90305C1650097A00156E71 /* CoreGraphics.framework in Frameworks */,
				FF90305E1650097A00156E71 /* CoreData.framework in Frameworks */,
			);
			runOnlyForDeploymentPostprocessing = 0;
		};
/* End PBXFrameworksBuildPhase section */

/* Begin PBXGroup section */
		FF9030481650097A00156E71 = {
			isa = PBXGroup;
			children = (
				FF90305F1650097A00156E71 /* ToDoSampleCoreData */,
				FF9030561650097A00156E71 /* Frameworks */,
				FF9030541650097A00156E71 /* Products */,
			);
			sourceTree = "<group>";
		};
		FF9030541650097A00156E71 /* Products */ = {
			isa = PBXGroup;
			children = (
				FF9030531650097A00156E71 /* ToDoSampleCoreData.app */,
			);
			name = Products;
			sourceTree = "<group>";
		};
		FF9030561650097A00156E71 /* Frameworks */ = {
			isa = PBXGroup;
			children = (
				FF9030571650097A00156E71 /* UIKit.framework */,
				FF9030591650097A00156E71 /* Foundation.framework */,
				FF90305B1650097A00156E71 /* CoreGraphics.framework */,
				FF90305D1650097A00156E71 /* CoreData.framework */,
			);
			name = Frameworks;
			sourceTree = "<group>";
		};
		FF90305F1650097A00156E71 /* ToDoSampleCoreData */ = {
			isa = PBXGroup;
			children = (
				FF9030681650097A00156E71 /* TODOAppDelegate.h */,
				FF9030691650097A00156E71 /* TODOAppDelegate.m */,
				FF9030741650097A00156E71 /* TODOMasterViewController.h */,
				FF9030751650097A00156E71 /* TODOMasterViewController.m */,
				FF9030771650097A00156E71 /* TODODetailViewController.h */,
				FF9030781650097A00156E71 /* TODODetailViewController.m */,
				FF90307A1650097A00156E71 /* TODOMasterViewController.xib */,
				FF90307D1650097A00156E71 /* TODODetailViewController.xib */,
				FF9030711650097A00156E71 /* ToDoSampleCoreData.xcdatamodeld */,
				FF9030601650097A00156E71 /* Supporting Files */,
			);
			path = ToDoSampleCoreData;
			sourceTree = "<group>";
		};
		FF9030601650097A00156E71 /* Supporting Files */ = {
			isa = PBXGroup;
			children = (
				FF9030611650097A00156E71 /* ToDoSampleCoreData-Info.plist */,
				FF9030621650097A00156E71 /* InfoPlist.strings */,
				FF9030651650097A00156E71 /* main.m */,
				FF9030671650097A00156E71 /* ToDoSampleCoreData-Prefix.pch */,
				FF90306B1650097A00156E71 /* Default.png */,
				FF90306D1650097A00156E71 /* Default@2x.png */,
				FF90306F1650097A00156E71 /* Default-568h@2x.png */,
			);
			name = "Supporting Files";
			sourceTree = "<group>";
		};
/* End PBXGroup section */

/* Begin PBXNativeTarget section */
		FF9030521650097A00156E71 /* ToDoSampleCoreData */ = {
			isa = PBXNativeTarget;
			buildConfigurationList = FF9030821650097A00156E71 /* Build configuration list for PBXNativeTarget "ToDoSampleCoreData" */;
			buildPhases = (
				FF90304F1650097A00156E71 /* Sources */,
				FF9030501650097A00156E71 /* Frameworks */,
				FF9030511650097A00156E71 /* Resources */,
			);
			buildRules = (
			);
			dependencies = (
			);
			name = ToDoSampleCoreData;
			productName = ToDoSampleCoreData;
			productReference = FF9030531650097A00156E71 /* ToDoSampleCoreData.app */;
			productType = "com.apple.product-type.application";
		};
/* End PBXNativeTarget section */

/* Begin PBXProject section */
		FF90304A1650097A00156E71 /* Project object */ = {
			isa = PBXProject;
			attributes = {
				CLASSPREFIX = TODO;
				LastUpgradeCheck = 0450;
				ORGANIZATIONNAME = "Interfacelab LLC";
			};
			buildConfigurationList = FF90304D1650097A00156E71 /* Build configuration list for PBXProject "ToDoSampleCoreData" */;
			compatibilityVersion = "Xcode 3.2";
			developmentRegion = English;
			hasScannedForEncodings = 0;
			knownRegions = (
				en,
			);
			mainGroup = FF9030481650097A00156E71;
			productRefGroup = FF9030541650097A00156E71 /* Products */;
			projectDirPath = "";
			projectRoot = "";
			targets = (
				FF9030521650097A00156E71 /* ToDoSampleCoreData */,
			);
		};
/* End PBXProject section */

/* Begin PBXResourcesBuildPhase section */
		FF9030511650097A00156E71 /* Resources */ = {
			isa = PBXResourcesBuildPhase;
			buildActionMask = 2147483647;
			files = (
				FF9030641650097A00156E71 /* InfoPlist.strings in Resources */,
				FF90306C1650097A00156E71 /* Default.png in Resources */,
				FF90306E1650097A00156E71 /* Default@2x.png in Resources */,
				FF9030701650097A00156E71 /* Default-568h@2x.png in Resources */,
				FF90307C1650097A00156E71 /* TODOMasterViewController.xib in Resources */,
				FF90307F1650097A00156E71 /* TODODetailViewController.xib in Resources */,
			);
			runOnlyForDeploymentPostprocessing = 0;
		};
/* End PBXResourcesBuildPhase section */

/* Begin PBXSourcesBuildPhase section */
		FF90304F1650097A00156E71 /* Sources */ = {
			isa = PBXSourcesBuildPhase;
			buildActionMask = 2147483647;
			files = (
				FF9030661650097A00156E71 /* main.m in Sources */,
				FF90306A1650097A00156E71 /* TODOAppDelegate.m in Sources */,
				FF9030731650097A00156E71 /* ToDoSampleCoreData.xcdatamodeld in Sources */,
				FF9030761650097A00156E71 /* TODOMasterViewController.m in Sources */,
				FF9030791650097A00156E71 /* TODODetailViewController.m in Sources */,
			);
			runOnlyForDeploymentPostprocessing = 0;
		};
/* End PBXSourcesBuildPhase section */

/* Begin PBXVariantGroup section */
		FF9030621650097A00156E71 /* InfoPlist.strings */ = {
			isa = PBXVariantGroup;
			children = (
				FF9030631650097A00156E71 /* en */,
			);
			name = InfoPlist.strings;
			sourceTree = "<group>";
		};
		FF90307A1650097A00156E71 /* TODOMasterViewController.xib */ = {
			isa = PBXVariantGroup;
			children = (
				FF90307B1650097A00156E71 /* en */,
			);
			name = TODOMasterViewController.xib;
			sourceTree = "<group>";
		};
		FF90307D1650097A00156E71 /* TODODetailViewController.xib */ = {
			isa = PBXVariantGroup;
			children = (
				FF90307E1650097A00156E71 /* en */,
			);
			name = TODODetailViewController.xib;
			sourceTree = "<group>";
		};
/* End PBXVariantGroup section */

/* Begin XCBuildConfiguration section */
		FF9030801650097A00156E71 /* Debug */ = {
			isa = XCBuildConfiguration;
			buildSettings = {
				ALWAYS_SEARCH_USER_PATHS = NO;
				CLANG_CXX_LANGUAGE_STANDARD = "gnu++0x";
				CLANG_CXX_LIBRARY = "libc++";
				CLANG_WARN_EMPTY_BODY = YES;
				CLANG_WARN__DUPLICATE_METHOD_MATCH = YES;
				"CODE_SIGN_IDENTITY[sdk=iphoneos*]" = "iPhone Developer";
				COPY_PHASE_STRIP = NO;
				GCC_C_LANGUAGE_STANDARD = gnu99;
				GCC_DYNAMIC_NO_PIC = NO;
				GCC_OPTIMIZATION_LEVEL = 0;
				GCC_PREPROCESSOR_DEFINITIONS = (
					"DEBUG=1",
					"$(inherited)",
				);
				GCC_SYMBOLS_PRIVATE_EXTERN = NO;
				GCC_WARN_ABOUT_RETURN_TYPE = YES;
				GCC_WARN_UNINITIALIZED_AUTOS = YES;
				GCC_WARN_UNUSED_VARIABLE = YES;
				IPHONEOS_DEPLOYMENT_TARGET = 6.0;
				SDKROOT = iphoneos;
			};
			name = Debug;
		};
		FF9030811650097A00156E71 /* Release */ = {
			isa = XCBuildConfiguration;
			buildSettings = {
				ALWAYS_SEARCH_USER_PATHS = NO;
				CLANG_CXX_LANGUAGE_STANDARD = "gnu++0x";
				CLANG_CXX_LIBRARY = "libc++";
				CLANG_WARN_EMPTY_BODY = YES;
				CLANG_WARN__DUPLICATE_METHOD_MATCH = YES;
				"CODE_SIGN_IDENTITY[sdk=iphoneos*]" = "iPhone Developer";
				COPY_PHASE_STRIP = YES;
				GCC_C_LANGUAGE_STANDARD = gnu99;
				GCC_WARN_ABOUT_RETURN_TYPE = YES;
				GCC_WARN_UNINITIALIZED_AUTOS = YES;
				GCC_WARN_UNUSED_VARIABLE = YES;
				IPHONEOS_DEPLOYMENT_TARGET = 6.0;
				OTHER_CFLAGS = "-DNS_BLOCK_ASSERTIONS=1";
				SDKROOT = iphoneos;
				VALIDATE_PRODUCT = YES;
			};
			name = Release;
		};
		FF9030831650097A00156E71 /* Debug */ = {
			isa = XCBuildConfiguration;
			buildSettings = {
				GCC_PRECOMPILE_PREFIX_HEADER = YES;
				GCC_PREFIX_HEADER = "ToDoSampleCoreData/ToDoSampleCoreData-Prefix.pch";
				INFOPLIST_FILE = "ToDoSampleCoreData/ToDoSampleCoreData-Info.plist";
				PRODUCT_NAME = "$(TARGET_NAME)";
				WRAPPER_EXTENSION = app;
			};
			name = Debug;
		};
		FF9030841650097A00156E71 /* Release */ = {
			isa = XCBuildConfiguration;
			buildSettings = {
				GCC_PRECOMPILE_PREFIX_HEADER = YES;
				GCC_PREFIX_HEADER = "ToDoSampleCoreData/ToDoSampleCoreData-Prefix.pch";
				INFOPLIST_FILE = "ToDoSampleCoreData/ToDoSampleCoreData-Info.plist";
				PRODUCT_NAME = "$(TARGET_NAME)";
				WRAPPER_EXTENSION = app;
			};
			name = Release;
		};
/* End XCBuildConfiguration section */

/* Begin XCConfigurationList section */
		FF90304D1650097A00156E71 /* Build configuration list for PBXProject "ToDoSampleCoreData" */ = {
			isa = XCConfigurationList;
			buildConfigurations = (
				FF9030801650097A00156E71 /* Debug */,
				FF9030811650097A00156E71 /* Release */,
			);
			defaultConfigurationIsVisible = 0;
			defaultConfigurationName = Release;
		};
		FF9030821650097A00156E71 /* Build configuration list for PBXNativeTarget "ToDoSampleCoreData" */ = {
			isa = XCConfigurationList;
			buildConfigurations = (
				FF9030831650097A00156E71 /* Debug */,
				FF9030841650097A00156E71 /* Release */,
			);
			defaultConfigurationIsVisible = 0;
		};
/* End XCConfigurationList section */

/* Begin XCVersionGroup section */
		FF9030711650097A00156E71 /* ToDoSampleCoreData.xcdatamodeld */ = {
			isa = XCVersionGroup;
			children = (
				FF9030721650097A00156E71 /* ToDoSampleCoreData.xcdatamodel */,
			);
			currentVersion = FF9030721650097A00156E71 /* ToDoSampleCoreData.xcdatamodel */;
			path = ToDoSampleCoreData.xcdatamodeld;
			sourceTree = "<group>";
			versionGroupType = wrapper.xcdatamodel;
		};
/* End XCVersionGroup section */
	};
	rootObject = FF90304A1650097A00156E71 /* Project object */;
}
