// !$*UTF8*$!
{
	archiveVersion = 1;
	classes = {
	};
	objectVersion = 46;
	objects = {

/* Begin PBXBuildFile section */
		FF3C8CDF16393978009EB62A /* UIKit.framework in Frameworks */ = {isa = PBXBuildFile; fileRef = FF3C8CDE16393978009EB62A /* UIKit.framework */; };
		FF3C8CE116393978009EB62A /* Foundation.framework in Frameworks */ = {isa = PBXBuildFile; fileRef = FF3C8CE016393978009EB62A /* Foundation.framework */; };
		FF3C8CE316393978009EB62A /* CoreGraphics.framework in Frameworks */ = {isa = PBXBuildFile; fileRef = FF3C8CE216393978009EB62A /* CoreGraphics.framework */; };
		FFBA0D94163E541000B6560C /* CSMPAppDelegate.m in Sources */ = {isa = PBXBuildFile; fileRef = FFBA0D85163E541000B6560C /* CSMPAppDelegate.m */; };
		FFBA0D95163E541000B6560C /* CSMPViewController.m in Sources */ = {isa = PBXBuildFile; fileRef = FFBA0D89163E541000B6560C /* CSMPViewController.m */; };
		FFBA0D96163E541000B6560C /* CSMPViewController.xib in Resources */ = {isa = PBXBuildFile; fileRef = FFBA0D8A163E541000B6560C /* CSMPViewController.xib */; };
		FFBA0D97163E541000B6560C /* CSMPAuthor.m in Sources */ = {isa = PBXBuildFile; fileRef = FFBA0D8D163E541000B6560C /* CSMPAuthor.m */; };
		FFBA0D98163E541000B6560C /* CSMPBlog.m in Sources */ = {isa = PBXBuildFile; fileRef = FFBA0D8F163E541000B6560C /* CSMPBlog.m */; };
		FFBA0D99163E541000B6560C /* CSMPComment.m in Sources */ = {isa = PBXBuildFile; fileRef = FFBA0D91163E541000B6560C /* CSMPComment.m */; };
		FFBA0D9A163E541000B6560C /* CSMPPost.m in Sources */ = {isa = PBXBuildFile; fileRef = FFBA0D93163E541000B6560C /* CSMPPost.m */; };
		FFBA0DA2163E543900B6560C /* Default-568h@2x.png in Resources */ = {isa = PBXBuildFile; fileRef = FFBA0D9B163E543900B6560C /* Default-568h@2x.png */; };
		FFBA0DA3163E543900B6560C /* Default.png in Resources */ = {isa = PBXBuildFile; fileRef = FFBA0D9C163E543900B6560C /* Default.png */; };
		FFBA0DA4163E543900B6560C /* Default@2x.png in Resources */ = {isa = PBXBuildFile; fileRef = FFBA0D9D163E543900B6560C /* Default@2x.png */; };
		FFBA0DA5163E543900B6560C /* InfoPlist.strings in Resources */ = {isa = PBXBuildFile; fileRef = FFBA0D9E163E543900B6560C /* InfoPlist.strings */; };
		FFBA0DA6163E543900B6560C /* main.m in Sources */ = {isa = PBXBuildFile; fileRef = FFBA0DA0163E543900B6560C /* main.m */; };
		FFBA0DAA163E550200B6560C /* libModelKit.a in Frameworks */ = {isa = PBXBuildFile; fileRef = FFBA0D7E163E53DB00B6560C /* libModelKit.a */; };
		FFCFAA24163A7EE400BC2E3E /* CFNetwork.framework in Frameworks */ = {isa = PBXBuildFile; fileRef = FFCFAA23163A7EE400BC2E3E /* CFNetwork.framework */; };
		FFCFAA29163A7F0900BC2E3E /* CoreLocation.framework in Frameworks */ = {isa = PBXBuildFile; fileRef = FFCFAA25163A7F0900BC2E3E /* CoreLocation.framework */; };
		FFCFAA2A163A7F0900BC2E3E /* MobileCoreServices.framework in Frameworks */ = {isa = PBXBuildFile; fileRef = FFCFAA26163A7F0900BC2E3E /* MobileCoreServices.framework */; };
		FFCFAA2B163A7F0900BC2E3E /* Security.framework in Frameworks */ = {isa = PBXBuildFile; fileRef = FFCFAA27163A7F0900BC2E3E /* Security.framework */; };
		FFCFAA2C163A7F0900BC2E3E /* SystemConfiguration.framework in Frameworks */ = {isa = PBXBuildFile; fileRef = FFCFAA28163A7F0900BC2E3E /* SystemConfiguration.framework */; };
/* End PBXBuildFile section */

/* Begin PBXContainerItemProxy section */
		FFBA0D7D163E53DB00B6560C /* PBXContainerItemProxy */ = {
			isa = PBXContainerItemProxy;
			containerPortal = FF3C8D011639398B009EB62A /* ModelKit.xcodeproj */;
			proxyType = 2;
			remoteGlobalIDString = FFA54A9D16391DEA00F055A6;
			remoteInfo = ModelKit;
		};
		FFBA0D7F163E53DB00B6560C /* PBXContainerItemProxy */ = {
			isa = PBXContainerItemProxy;
			containerPortal = FF3C8D011639398B009EB62A /* ModelKit.xcodeproj */;
			proxyType = 2;
			remoteGlobalIDString = FFCFAA81163C655C00BC2E3E;
			remoteInfo = TestCases;
		};
		FFBA0DA8163E54FD00B6560C /* PBXContainerItemProxy */ = {
			isa = PBXContainerItemProxy;
			containerPortal = FF3C8D011639398B009EB62A /* ModelKit.xcodeproj */;
			proxyType = 1;
			remoteGlobalIDString = FFA54A9C16391DEA00F055A6;
			remoteInfo = ModelKit;
		};
/* End PBXContainerItemProxy section */

/* Begin PBXFileReference section */
		FF3C8CDA16393978009EB62A /* ModelKitSample.app */ = {isa = PBXFileReference; explicitFileType = wrapper.application; includeInIndex = 0; path = ModelKitSample.app; sourceTree = BUILT_PRODUCTS_DIR; };
		FF3C8CDE16393978009EB62A /* UIKit.framework */ = {isa = PBXFileReference; lastKnownFileType = wrapper.framework; name = UIKit.framework; path = System/Library/Frameworks/UIKit.framework; sourceTree = SDKROOT; };
		FF3C8CE016393978009EB62A /* Foundation.framework */ = {isa = PBXFileReference; lastKnownFileType = wrapper.framework; name = Foundation.framework; path = System/Library/Frameworks/Foundation.framework; sourceTree = SDKROOT; };
		FF3C8CE216393978009EB62A /* CoreGraphics.framework */ = {isa = PBXFileReference; lastKnownFileType = wrapper.framework; name = CoreGraphics.framework; path = System/Library/Frameworks/CoreGraphics.framework; sourceTree = SDKROOT; };
		FF3C8D011639398B009EB62A /* ModelKit.xcodeproj */ = {isa = PBXFileReference; lastKnownFileType = "wrapper.pb-project"; name = ModelKit.xcodeproj; path = "../Static Library/ModelKit.xcodeproj"; sourceTree = "<group>"; };
		FFBA0D84163E541000B6560C /* CSMPAppDelegate.h */ = {isa = PBXFileReference; fileEncoding = 4; lastKnownFileType = sourcecode.c.h; path = CSMPAppDelegate.h; sourceTree = "<group>"; };
		FFBA0D85163E541000B6560C /* CSMPAppDelegate.m */ = {isa = PBXFileReference; fileEncoding = 4; lastKnownFileType = sourcecode.c.objc; path = CSMPAppDelegate.m; sourceTree = "<group>"; };
		FFBA0D86163E541000B6560C /* ModelKitSample-Prefix.pch */ = {isa = PBXFileReference; fileEncoding = 4; lastKnownFileType = sourcecode.c.h; path = "ModelKitSample-Prefix.pch"; sourceTree = "<group>"; };
		FFBA0D88163E541000B6560C /* CSMPViewController.h */ = {isa = PBXFileReference; fileEncoding = 4; lastKnownFileType = sourcecode.c.h; path = CSMPViewController.h; sourceTree = "<group>"; };
		FFBA0D89163E541000B6560C /* CSMPViewController.m */ = {isa = PBXFileReference; fileEncoding = 4; lastKnownFileType = sourcecode.c.objc; path = CSMPViewController.m; sourceTree = "<group>"; };
		FFBA0D8A163E541000B6560C /* CSMPViewController.xib */ = {isa = PBXFileReference; fileEncoding = 4; lastKnownFileType = file.xib; path = CSMPViewController.xib; sourceTree = "<group>"; };
		FFBA0D8C163E541000B6560C /* CSMPAuthor.h */ = {isa = PBXFileReference; fileEncoding = 4; lastKnownFileType = sourcecode.c.h; path = CSMPAuthor.h; sourceTree = "<group>"; };
		FFBA0D8D163E541000B6560C /* CSMPAuthor.m */ = {isa = PBXFileReference; fileEncoding = 4; lastKnownFileType = sourcecode.c.objc; path = CSMPAuthor.m; sourceTree = "<group>"; };
		FFBA0D8E163E541000B6560C /* CSMPBlog.h */ = {isa = PBXFileReference; fileEncoding = 4; lastKnownFileType = sourcecode.c.h; path = CSMPBlog.h; sourceTree = "<group>"; };
		FFBA0D8F163E541000B6560C /* CSMPBlog.m */ = {isa = PBXFileReference; fileEncoding = 4; lastKnownFileType = sourcecode.c.objc; path = CSMPBlog.m; sourceTree = "<group>"; };
		FFBA0D90163E541000B6560C /* CSMPComment.h */ = {isa = PBXFileReference; fileEncoding = 4; lastKnownFileType = sourcecode.c.h; path = CSMPComment.h; sourceTree = "<group>"; };
		FFBA0D91163E541000B6560C /* CSMPComment.m */ = {isa = PBXFileReference; fileEncoding = 4; lastKnownFileType = sourcecode.c.objc; path = CSMPComment.m; sourceTree = "<group>"; };
		FFBA0D92163E541000B6560C /* CSMPPost.h */ = {isa = PBXFileReference; fileEncoding = 4; lastKnownFileType = sourcecode.c.h; path = CSMPPost.h; sourceTree = "<group>"; };
		FFBA0D93163E541000B6560C /* CSMPPost.m */ = {isa = PBXFileReference; fileEncoding = 4; lastKnownFileType = sourcecode.c.objc; path = CSMPPost.m; sourceTree = "<group>"; };
		FFBA0D9B163E543900B6560C /* Default-568h@2x.png */ = {isa = PBXFileReference; lastKnownFileType = image.png; name = "Default-568h@2x.png"; path = "ModelKitSample/Default-568h@2x.png"; sourceTree = SOURCE_ROOT; };
		FFBA0D9C163E543900B6560C /* Default.png */ = {isa = PBXFileReference; lastKnownFileType = image.png; name = Default.png; path = ModelKitSample/Default.png; sourceTree = SOURCE_ROOT; };
		FFBA0D9D163E543900B6560C /* Default@2x.png */ = {isa = PBXFileReference; lastKnownFileType = image.png; name = "Default@2x.png"; path = "ModelKitSample/Default@2x.png"; sourceTree = SOURCE_ROOT; };
		FFBA0D9F163E543900B6560C /* en */ = {isa = PBXFileReference; lastKnownFileType = text.plist.strings; name = en; path = ModelKitSample/en.lproj/InfoPlist.strings; sourceTree = SOURCE_ROOT; };
		FFBA0DA0163E543900B6560C /* main.m */ = {isa = PBXFileReference; fileEncoding = 4; lastKnownFileType = sourcecode.c.objc; name = main.m; path = ModelKitSample/main.m; sourceTree = SOURCE_ROOT; };
		FFBA0DA1163E543900B6560C /* ModelKitSample-Info.plist */ = {isa = PBXFileReference; fileEncoding = 4; lastKnownFileType = text.plist.xml; name = "ModelKitSample-Info.plist"; path = "ModelKitSample/ModelKitSample-Info.plist"; sourceTree = SOURCE_ROOT; };
		FFCFAA23163A7EE400BC2E3E /* CFNetwork.framework */ = {isa = PBXFileReference; lastKnownFileType = wrapper.framework; name = CFNetwork.framework; path = System/Library/Frameworks/CFNetwork.framework; sourceTree = SDKROOT; };
		FFCFAA25163A7F0900BC2E3E /* CoreLocation.framework */ = {isa = PBXFileReference; lastKnownFileType = wrapper.framework; name = CoreLocation.framework; path = System/Library/Frameworks/CoreLocation.framework; sourceTree = SDKROOT; };
		FFCFAA26163A7F0900BC2E3E /* MobileCoreServices.framework */ = {isa = PBXFileReference; lastKnownFileType = wrapper.framework; name = MobileCoreServices.framework; path = System/Library/Frameworks/MobileCoreServices.framework; sourceTree = SDKROOT; };
		FFCFAA27163A7F0900BC2E3E /* Security.framework */ = {isa = PBXFileReference; lastKnownFileType = wrapper.framework; name = Security.framework; path = System/Library/Frameworks/Security.framework; sourceTree = SDKROOT; };
		FFCFAA28163A7F0900BC2E3E /* SystemConfiguration.framework */ = {isa = PBXFileReference; lastKnownFileType = wrapper.framework; name = SystemConfiguration.framework; path = System/Library/Frameworks/SystemConfiguration.framework; sourceTree = SDKROOT; };
/* End PBXFileReference section */

/* Begin PBXFrameworksBuildPhase section */
		FF3C8CD716393978009EB62A /* Frameworks */ = {
			isa = PBXFrameworksBuildPhase;
			buildActionMask = 2147483647;
			files = (
				FFBA0DAA163E550200B6560C /* libModelKit.a in Frameworks */,
				FFCFAA29163A7F0900BC2E3E /* CoreLocation.framework in Frameworks */,
				FFCFAA2A163A7F0900BC2E3E /* MobileCoreServices.framework in Frameworks */,
				FFCFAA2B163A7F0900BC2E3E /* Security.framework in Frameworks */,
				FFCFAA2C163A7F0900BC2E3E /* SystemConfiguration.framework in Frameworks */,
				FFCFAA24163A7EE400BC2E3E /* CFNetwork.framework in Frameworks */,
				FF3C8CDF16393978009EB62A /* UIKit.framework in Frameworks */,
				FF3C8CE116393978009EB62A /* Foundation.framework in Frameworks */,
				FF3C8CE316393978009EB62A /* CoreGraphics.framework in Frameworks */,
			);
			runOnlyForDeploymentPostprocessing = 0;
		};
/* End PBXFrameworksBuildPhase section */

/* Begin PBXGroup section */
		FF3C8CCF16393978009EB62A = {
			isa = PBXGroup;
			children = (
				FF3C8D011639398B009EB62A /* ModelKit.xcodeproj */,
				FF3C8CE516393978009EB62A /* Supporting Files */,
				FF3C8CDD16393978009EB62A /* Frameworks */,
				FF3C8CDB16393978009EB62A /* Products */,
				FFBA0D82163E541000B6560C /* Source */,
			);
			sourceTree = "<group>";
		};
		FF3C8CDB16393978009EB62A /* Products */ = {
			isa = PBXGroup;
			children = (
				FF3C8CDA16393978009EB62A /* ModelKitSample.app */,
			);
			name = Products;
			sourceTree = "<group>";
		};
		FF3C8CDD16393978009EB62A /* Frameworks */ = {
			isa = PBXGroup;
			children = (
				FFCFAA25163A7F0900BC2E3E /* CoreLocation.framework */,
				FFCFAA26163A7F0900BC2E3E /* MobileCoreServices.framework */,
				FFCFAA27163A7F0900BC2E3E /* Security.framework */,
				FFCFAA28163A7F0900BC2E3E /* SystemConfiguration.framework */,
				FFCFAA23163A7EE400BC2E3E /* CFNetwork.framework */,
				FF3C8CDE16393978009EB62A /* UIKit.framework */,
				FF3C8CE016393978009EB62A /* Foundation.framework */,
				FF3C8CE216393978009EB62A /* CoreGraphics.framework */,
			);
			name = Frameworks;
			sourceTree = "<group>";
		};
		FF3C8CE516393978009EB62A /* Supporting Files */ = {
			isa = PBXGroup;
			children = (
				FFBA0D9B163E543900B6560C /* Default-568h@2x.png */,
				FFBA0D9C163E543900B6560C /* Default.png */,
				FFBA0D9D163E543900B6560C /* Default@2x.png */,
				FFBA0D9E163E543900B6560C /* InfoPlist.strings */,
				FFBA0DA0163E543900B6560C /* main.m */,
				FFBA0DA1163E543900B6560C /* ModelKitSample-Info.plist */,
			);
			name = "Supporting Files";
			path = CloudSample;
			sourceTree = "<group>";
		};
		FFBA0D79163E53DB00B6560C /* Products */ = {
			isa = PBXGroup;
			children = (
				FFBA0D7E163E53DB00B6560C /* libModelKit.a */,
				FFBA0D80163E53DB00B6560C /* TestCases.octest */,
			);
			name = Products;
			sourceTree = "<group>";
		};
		FFBA0D82163E541000B6560C /* Source */ = {
			isa = PBXGroup;
			children = (
				FFBA0D83163E541000B6560C /* App */,
				FFBA0D87163E541000B6560C /* Controller */,
				FFBA0D8B163E541000B6560C /* Model */,
			);
			name = Source;
			path = ModelKitSample/Source;
			sourceTree = "<group>";
		};
		FFBA0D83163E541000B6560C /* App */ = {
			isa = PBXGroup;
			children = (
				FFBA0D84163E541000B6560C /* CSMPAppDelegate.h */,
				FFBA0D85163E541000B6560C /* CSMPAppDelegate.m */,
				FFBA0D86163E541000B6560C /* ModelKitSample-Prefix.pch */,
			);
			path = App;
			sourceTree = "<group>";
		};
		FFBA0D87163E541000B6560C /* Controller */ = {
			isa = PBXGroup;
			children = (
				FFBA0D88163E541000B6560C /* CSMPViewController.h */,
				FFBA0D89163E541000B6560C /* CSMPViewController.m */,
				FFBA0D8A163E541000B6560C /* CSMPViewController.xib */,
			);
			path = Controller;
			sourceTree = "<group>";
		};
		FFBA0D8B163E541000B6560C /* Model */ = {
			isa = PBXGroup;
			children = (
				FFBA0D8C163E541000B6560C /* CSMPAuthor.h */,
				FFBA0D8D163E541000B6560C /* CSMPAuthor.m */,
				FFBA0D8E163E541000B6560C /* CSMPBlog.h */,
				FFBA0D8F163E541000B6560C /* CSMPBlog.m */,
				FFBA0D90163E541000B6560C /* CSMPComment.h */,
				FFBA0D91163E541000B6560C /* CSMPComment.m */,
				FFBA0D92163E541000B6560C /* CSMPPost.h */,
				FFBA0D93163E541000B6560C /* CSMPPost.m */,
			);
			path = Model;
			sourceTree = "<group>";
		};
/* End PBXGroup section */

/* Begin PBXNativeTarget section */
		FF3C8CD916393978009EB62A /* ModelKitSample */ = {
			isa = PBXNativeTarget;
			buildConfigurationList = FF3C8CFE16393979009EB62A /* Build configuration list for PBXNativeTarget "ModelKitSample" */;
			buildPhases = (
				FF3C8CD616393978009EB62A /* Sources */,
				FF3C8CD716393978009EB62A /* Frameworks */,
				FF3C8CD816393978009EB62A /* Resources */,
			);
			buildRules = (
			);
			dependencies = (
				FFBA0DA9163E54FD00B6560C /* PBXTargetDependency */,
			);
			name = ModelKitSample;
			productName = CloudSample;
			productReference = FF3C8CDA16393978009EB62A /* ModelKitSample.app */;
			productType = "com.apple.product-type.application";
		};
/* End PBXNativeTarget section */

/* Begin PBXProject section */
		FF3C8CD116393978009EB62A /* Project object */ = {
			isa = PBXProject;
			attributes = {
				CLASSPREFIX = CSMP;
				LastUpgradeCheck = 0450;
				ORGANIZATIONNAME = "Interfacelab LLC";
			};
			buildConfigurationList = FF3C8CD416393978009EB62A /* Build configuration list for PBXProject "ModelKitSample" */;
			compatibilityVersion = "Xcode 3.2";
			developmentRegion = English;
			hasScannedForEncodings = 0;
			knownRegions = (
				en,
			);
			mainGroup = FF3C8CCF16393978009EB62A;
			productRefGroup = FF3C8CDB16393978009EB62A /* Products */;
			projectDirPath = "";
			projectReferences = (
				{
					ProductGroup = FFBA0D79163E53DB00B6560C /* Products */;
					ProjectRef = FF3C8D011639398B009EB62A /* ModelKit.xcodeproj */;
				},
			);
			projectRoot = "";
			targets = (
				FF3C8CD916393978009EB62A /* ModelKitSample */,
			);
		};
/* End PBXProject section */

/* Begin PBXReferenceProxy section */
		FFBA0D7E163E53DB00B6560C /* libModelKit.a */ = {
			isa = PBXReferenceProxy;
			fileType = archive.ar;
			path = libModelKit.a;
			remoteRef = FFBA0D7D163E53DB00B6560C /* PBXContainerItemProxy */;
			sourceTree = BUILT_PRODUCTS_DIR;
		};
		FFBA0D80163E53DB00B6560C /* TestCases.octest */ = {
			isa = PBXReferenceProxy;
			fileType = wrapper.cfbundle;
			path = TestCases.octest;
			remoteRef = FFBA0D7F163E53DB00B6560C /* PBXContainerItemProxy */;
			sourceTree = BUILT_PRODUCTS_DIR;
		};
/* End PBXReferenceProxy section */

/* Begin PBXResourcesBuildPhase section */
		FF3C8CD816393978009EB62A /* Resources */ = {
			isa = PBXResourcesBuildPhase;
			buildActionMask = 2147483647;
			files = (
				FFBA0D96163E541000B6560C /* CSMPViewController.xib in Resources */,
				FFBA0DA2163E543900B6560C /* Default-568h@2x.png in Resources */,
				FFBA0DA3163E543900B6560C /* Default.png in Resources */,
				FFBA0DA4163E543900B6560C /* Default@2x.png in Resources */,
				FFBA0DA5163E543900B6560C /* InfoPlist.strings in Resources */,
			);
			runOnlyForDeploymentPostprocessing = 0;
		};
/* End PBXResourcesBuildPhase section */

/* Begin PBXSourcesBuildPhase section */
		FF3C8CD616393978009EB62A /* Sources */ = {
			isa = PBXSourcesBuildPhase;
			buildActionMask = 2147483647;
			files = (
				FFBA0D94163E541000B6560C /* CSMPAppDelegate.m in Sources */,
				FFBA0D95163E541000B6560C /* CSMPViewController.m in Sources */,
				FFBA0D97163E541000B6560C /* CSMPAuthor.m in Sources */,
				FFBA0D98163E541000B6560C /* CSMPBlog.m in Sources */,
				FFBA0D99163E541000B6560C /* CSMPComment.m in Sources */,
				FFBA0D9A163E541000B6560C /* CSMPPost.m in Sources */,
				FFBA0DA6163E543900B6560C /* main.m in Sources */,
			);
			runOnlyForDeploymentPostprocessing = 0;
		};
/* End PBXSourcesBuildPhase section */

/* Begin PBXTargetDependency section */
		FFBA0DA9163E54FD00B6560C /* PBXTargetDependency */ = {
			isa = PBXTargetDependency;
			name = ModelKit;
			targetProxy = FFBA0DA8163E54FD00B6560C /* PBXContainerItemProxy */;
		};
/* End PBXTargetDependency section */

/* Begin PBXVariantGroup section */
		FFBA0D9E163E543900B6560C /* InfoPlist.strings */ = {
			isa = PBXVariantGroup;
			children = (
				FFBA0D9F163E543900B6560C /* en */,
			);
			name = InfoPlist.strings;
			sourceTree = "<group>";
		};
/* End PBXVariantGroup section */

/* Begin XCBuildConfiguration section */
		FF3C8CFC16393979009EB62A /* Debug */ = {
			isa = XCBuildConfiguration;
			buildSettings = {
				ALWAYS_SEARCH_USER_PATHS = NO;
				CLANG_CXX_LANGUAGE_STANDARD = "gnu++0x";
				CLANG_CXX_LIBRARY = "libc++";
				CLANG_WARN_EMPTY_BODY = YES;
				CLANG_WARN__DUPLICATE_METHOD_MATCH = YES;
				"CODE_SIGN_IDENTITY[sdk=iphoneos*]" = "iPhone Developer";
				COPY_PHASE_STRIP = NO;
				GCC_C_LANGUAGE_STANDARD = gnu99;
				GCC_DYNAMIC_NO_PIC = NO;
				GCC_OPTIMIZATION_LEVEL = 0;
				GCC_PREPROCESSOR_DEFINITIONS = (
					"DEBUG=1",
					"$(inherited)",
				);
				GCC_SYMBOLS_PRIVATE_EXTERN = NO;
				GCC_WARN_ABOUT_RETURN_TYPE = YES;
				GCC_WARN_UNINITIALIZED_AUTOS = YES;
				GCC_WARN_UNUSED_VARIABLE = YES;
				IPHONEOS_DEPLOYMENT_TARGET = 5.0;
				SDKROOT = iphoneos;
			};
			name = Debug;
		};
		FF3C8CFD16393979009EB62A /* Release */ = {
			isa = XCBuildConfiguration;
			buildSettings = {
				ALWAYS_SEARCH_USER_PATHS = NO;
				CLANG_CXX_LANGUAGE_STANDARD = "gnu++0x";
				CLANG_CXX_LIBRARY = "libc++";
				CLANG_WARN_EMPTY_BODY = YES;
				CLANG_WARN__DUPLICATE_METHOD_MATCH = YES;
				"CODE_SIGN_IDENTITY[sdk=iphoneos*]" = "iPhone Developer";
				COPY_PHASE_STRIP = YES;
				GCC_C_LANGUAGE_STANDARD = gnu99;
				GCC_WARN_ABOUT_RETURN_TYPE = YES;
				GCC_WARN_UNINITIALIZED_AUTOS = YES;
				GCC_WARN_UNUSED_VARIABLE = YES;
				IPHONEOS_DEPLOYMENT_TARGET = 5.0;
				OTHER_CFLAGS = "-DNS_BLOCK_ASSERTIONS=1";
				SDKROOT = iphoneos;
				VALIDATE_PRODUCT = YES;
			};
			name = Release;
		};
		FF3C8CFF16393979009EB62A /* Debug */ = {
			isa = XCBuildConfiguration;
			buildSettings = {
				GCC_PRECOMPILE_PREFIX_HEADER = YES;
				GCC_PREFIX_HEADER = "ModelKitSample/Source/App/ModelKitSample-Prefix.pch";
				HEADER_SEARCH_PATHS = (
					"\"$(SRCROOT)/../../Source\"/**",
					"\"$(SRCROOT)/../../External/JSONKit\"",
				);
				INFOPLIST_FILE = "ModelKitSample/ModelKitSample-Info.plist";
				IPHONEOS_DEPLOYMENT_TARGET = 5.0;
				OTHER_LDFLAGS = "-ObjC";
				PRODUCT_NAME = ModelKitSample;
				WRAPPER_EXTENSION = app;
			};
			name = Debug;
		};
		FF3C8D0016393979009EB62A /* Release */ = {
			isa = XCBuildConfiguration;
			buildSettings = {
				GCC_PRECOMPILE_PREFIX_HEADER = YES;
				GCC_PREFIX_HEADER = "ModelKitSample/Source/App/ModelKitSample-Prefix.pch";
				HEADER_SEARCH_PATHS = (
					"\"$(SRCROOT)/../../Source\"/**",
					"\"$(SRCROOT)/../../External/JSONKit\"",
				);
				INFOPLIST_FILE = "ModelKitSample/ModelKitSample-Info.plist";
				IPHONEOS_DEPLOYMENT_TARGET = 5.0;
				OTHER_LDFLAGS = "-ObjC";
				PRODUCT_NAME = ModelKitSample;
				WRAPPER_EXTENSION = app;
			};
			name = Release;
		};
/* End XCBuildConfiguration section */

/* Begin XCConfigurationList section */
		FF3C8CD416393978009EB62A /* Build configuration list for PBXProject "ModelKitSample" */ = {
			isa = XCConfigurationList;
			buildConfigurations = (
				FF3C8CFC16393979009EB62A /* Debug */,
				FF3C8CFD16393979009EB62A /* Release */,
			);
			defaultConfigurationIsVisible = 0;
			defaultConfigurationName = Release;
		};
		FF3C8CFE16393979009EB62A /* Build configuration list for PBXNativeTarget "ModelKitSample" */ = {
			isa = XCConfigurationList;
			buildConfigurations = (
				FF3C8CFF16393979009EB62A /* Debug */,
				FF3C8D0016393979009EB62A /* Release */,
			);
			defaultConfigurationIsVisible = 0;
			defaultConfigurationName = Release;
		};
/* End XCConfigurationList section */
	};
	rootObject = FF3C8CD116393978009EB62A /* Project object */;
}
